// !$*UTF8*$!
{
	archiveVersion = 1;
	classes = {
	};
	objectVersion = 46;
	objects = {

/* Begin PBXBuildFile section */
		8C8231D11F4F449E005D7268 /* AppDelegate.swift in Sources */ = {isa = PBXBuildFile; fileRef = 8C8231D01F4F449E005D7268 /* AppDelegate.swift */; };
		8C8231D31F4F449E005D7268 /* ViewController.swift in Sources */ = {isa = PBXBuildFile; fileRef = 8C8231D21F4F449E005D7268 /* ViewController.swift */; };
		8C8231D61F4F449E005D7268 /* Main.storyboard in Resources */ = {isa = PBXBuildFile; fileRef = 8C8231D41F4F449E005D7268 /* Main.storyboard */; };
		8C8231D81F4F449E005D7268 /* Assets.xcassets in Resources */ = {isa = PBXBuildFile; fileRef = 8C8231D71F4F449E005D7268 /* Assets.xcassets */; };
		8C8231DB1F4F449E005D7268 /* LaunchScreen.storyboard in Resources */ = {isa = PBXBuildFile; fileRef = 8C8231D91F4F449E005D7268 /* LaunchScreen.storyboard */; };
		8C8231E61F4F449E005D7268 /* actFechaTests.swift in Sources */ = {isa = PBXBuildFile; fileRef = 8C8231E51F4F449E005D7268 /* actFechaTests.swift */; };
		8C8231F11F4F449E005D7268 /* actFechaUITests.swift in Sources */ = {isa = PBXBuildFile; fileRef = 8C8231F01F4F449E005D7268 /* actFechaUITests.swift */; };
/* End PBXBuildFile section */

/* Begin PBXContainerItemProxy section */
		8C8231E21F4F449E005D7268 /* PBXContainerItemProxy */ = {
			isa = PBXContainerItemProxy;
			containerPortal = 8C8231C51F4F449E005D7268 /* Project object */;
			proxyType = 1;
			remoteGlobalIDString = 8C8231CC1F4F449E005D7268;
			remoteInfo = actFecha;
		};
		8C8231ED1F4F449E005D7268 /* PBXContainerItemProxy */ = {
			isa = PBXContainerItemProxy;
			containerPortal = 8C8231C51F4F449E005D7268 /* Project object */;
			proxyType = 1;
			remoteGlobalIDString = 8C8231CC1F4F449E005D7268;
			remoteInfo = actFecha;
		};
/* End PBXContainerItemProxy section */

/* Begin PBXFileReference section */
		8C8231CD1F4F449E005D7268 /* actFecha.app */ = {isa = PBXFileReference; explicitFileType = wrapper.application; includeInIndex = 0; path = actFecha.app; sourceTree = BUILT_PRODUCTS_DIR; };
		8C8231D01F4F449E005D7268 /* AppDelegate.swift */ = {isa = PBXFileReference; lastKnownFileType = sourcecode.swift; path = AppDelegate.swift; sourceTree = "<group>"; };
		8C8231D21F4F449E005D7268 /* ViewController.swift */ = {isa = PBXFileReference; lastKnownFileType = sourcecode.swift; path = ViewController.swift; sourceTree = "<group>"; };
		8C8231D51F4F449E005D7268 /* Base */ = {isa = PBXFileReference; lastKnownFileType = file.storyboard; name = Base; path = Base.lproj/Main.storyboard; sourceTree = "<group>"; };
		8C8231D71F4F449E005D7268 /* Assets.xcassets */ = {isa = PBXFileReference; lastKnownFileType = folder.assetcatalog; path = Assets.xcassets; sourceTree = "<group>"; };
		8C8231DA1F4F449E005D7268 /* Base */ = {isa = PBXFileReference; lastKnownFileType = file.storyboard; name = Base; path = Base.lproj/LaunchScreen.storyboard; sourceTree = "<group>"; };
		8C8231DC1F4F449E005D7268 /* Info.plist */ = {isa = PBXFileReference; lastKnownFileType = text.plist.xml; path = Info.plist; sourceTree = "<group>"; };
		8C8231E11F4F449E005D7268 /* actFechaTests.xctest */ = {isa = PBXFileReference; explicitFileType = wrapper.cfbundle; includeInIndex = 0; path = actFechaTests.xctest; sourceTree = BUILT_PRODUCTS_DIR; };
		8C8231E51F4F449E005D7268 /* actFechaTests.swift */ = {isa = PBXFileReference; lastKnownFileType = sourcecode.swift; path = actFechaTests.swift; sourceTree = "<group>"; };
		8C8231E71F4F449E005D7268 /* Info.plist */ = {isa = PBXFileReference; lastKnownFileType = text.plist.xml; path = Info.plist; sourceTree = "<group>"; };
		8C8231EC1F4F449E005D7268 /* actFechaUITests.xctest */ = {isa = PBXFileReference; explicitFileType = wrapper.cfbundle; includeInIndex = 0; path = actFechaUITests.xctest; sourceTree = BUILT_PRODUCTS_DIR; };
		8C8231F01F4F449E005D7268 /* actFechaUITests.swift */ = {isa = PBXFileReference; lastKnownFileType = sourcecode.swift; path = actFechaUITests.swift; sourceTree = "<group>"; };
		8C8231F21F4F449E005D7268 /* Info.plist */ = {isa = PBXFileReference; lastKnownFileType = text.plist.xml; path = Info.plist; sourceTree = "<group>"; };
/* End PBXFileReference section */

/* Begin PBXFrameworksBuildPhase section */
		8C8231CA1F4F449E005D7268 /* Frameworks */ = {
			isa = PBXFrameworksBuildPhase;
			buildActionMask = 2147483647;
			files = (
			);
			runOnlyForDeploymentPostprocessing = 0;
		};
		8C8231DE1F4F449E005D7268 /* Frameworks */ = {
			isa = PBXFrameworksBuildPhase;
			buildActionMask = 2147483647;
			files = (
			);
			runOnlyForDeploymentPostprocessing = 0;
		};
		8C8231E91F4F449E005D7268 /* Frameworks */ = {
			isa = PBXFrameworksBuildPhase;
			buildActionMask = 2147483647;
			files = (
			);
			runOnlyForDeploymentPostprocessing = 0;
		};
/* End PBXFrameworksBuildPhase section */

/* Begin PBXGroup section */
		8C8231C41F4F449E005D7268 = {
			isa = PBXGroup;
			children = (
				8C8231CF1F4F449E005D7268 /* actFecha */,
				8C8231E41F4F449E005D7268 /* actFechaTests */,
				8C8231EF1F4F449E005D7268 /* actFechaUITests */,
				8C8231CE1F4F449E005D7268 /* Products */,
			);
			sourceTree = "<group>";
		};
		8C8231CE1F4F449E005D7268 /* Products */ = {
			isa = PBXGroup;
			children = (
				8C8231CD1F4F449E005D7268 /* actFecha.app */,
				8C8231E11F4F449E005D7268 /* actFechaTests.xctest */,
				8C8231EC1F4F449E005D7268 /* actFechaUITests.xctest */,
			);
			name = Products;
			sourceTree = "<group>";
		};
		8C8231CF1F4F449E005D7268 /* actFecha */ = {
			isa = PBXGroup;
			children = (
				8C8231D01F4F449E005D7268 /* AppDelegate.swift */,
				8C8231D21F4F449E005D7268 /* ViewController.swift */,
				8C8231D41F4F449E005D7268 /* Main.storyboard */,
				8C8231D71F4F449E005D7268 /* Assets.xcassets */,
				8C8231D91F4F449E005D7268 /* LaunchScreen.storyboard */,
				8C8231DC1F4F449E005D7268 /* Info.plist */,
			);
			path = actFecha;
			sourceTree = "<group>";
		};
		8C8231E41F4F449E005D7268 /* actFechaTests */ = {
			isa = PBXGroup;
			children = (
				8C8231E51F4F449E005D7268 /* actFechaTests.swift */,
				8C8231E71F4F449E005D7268 /* Info.plist */,
			);
			path = actFechaTests;
			sourceTree = "<group>";
		};
		8C8231EF1F4F449E005D7268 /* actFechaUITests */ = {
			isa = PBXGroup;
			children = (
				8C8231F01F4F449E005D7268 /* actFechaUITests.swift */,
				8C8231F21F4F449E005D7268 /* Info.plist */,
			);
			path = actFechaUITests;
			sourceTree = "<group>";
		};
/* End PBXGroup section */

/* Begin PBXNativeTarget section */
		8C8231CC1F4F449E005D7268 /* actFecha */ = {
			isa = PBXNativeTarget;
			buildConfigurationList = 8C8231F51F4F449E005D7268 /* Build configuration list for PBXNativeTarget "actFecha" */;
			buildPhases = (
				8C8231C91F4F449E005D7268 /* Sources */,
				8C8231CA1F4F449E005D7268 /* Frameworks */,
				8C8231CB1F4F449E005D7268 /* Resources */,
			);
			buildRules = (
			);
			dependencies = (
			);
			name = actFecha;
			productName = actFecha;
			productReference = 8C8231CD1F4F449E005D7268 /* actFecha.app */;
			productType = "com.apple.product-type.application";
		};
		8C8231E01F4F449E005D7268 /* actFechaTests */ = {
			isa = PBXNativeTarget;
			buildConfigurationList = 8C8231F81F4F449E005D7268 /* Build configuration list for PBXNativeTarget "actFechaTests" */;
			buildPhases = (
				8C8231DD1F4F449E005D7268 /* Sources */,
				8C8231DE1F4F449E005D7268 /* Frameworks */,
				8C8231DF1F4F449E005D7268 /* Resources */,
			);
			buildRules = (
			);
			dependencies = (
				8C8231E31F4F449E005D7268 /* PBXTargetDependency */,
			);
			name = actFechaTests;
			productName = actFechaTests;
			productReference = 8C8231E11F4F449E005D7268 /* actFechaTests.xctest */;
			productType = "com.apple.product-type.bundle.unit-test";
		};
		8C8231EB1F4F449E005D7268 /* actFechaUITests */ = {
			isa = PBXNativeTarget;
			buildConfigurationList = 8C8231FB1F4F449E005D7268 /* Build configuration list for PBXNativeTarget "actFechaUITests" */;
			buildPhases = (
				8C8231E81F4F449E005D7268 /* Sources */,
				8C8231E91F4F449E005D7268 /* Frameworks */,
				8C8231EA1F4F449E005D7268 /* Resources */,
			);
			buildRules = (
			);
			dependencies = (
				8C8231EE1F4F449E005D7268 /* PBXTargetDependency */,
			);
			name = actFechaUITests;
			productName = actFechaUITests;
			productReference = 8C8231EC1F4F449E005D7268 /* actFechaUITests.xctest */;
			productType = "com.apple.product-type.bundle.ui-testing";
		};
/* End PBXNativeTarget section */

/* Begin PBXProject section */
		8C8231C51F4F449E005D7268 /* Project object */ = {
			isa = PBXProject;
			attributes = {
				LastSwiftUpdateCheck = 0830;
				LastUpgradeCheck = 0830;
				ORGANIZATIONNAME = "Ricardo Licea";
				TargetAttributes = {
					8C8231CC1F4F449E005D7268 = {
						CreatedOnToolsVersion = 8.3.3;
						ProvisioningStyle = Automatic;
					};
					8C8231E01F4F449E005D7268 = {
						CreatedOnToolsVersion = 8.3.3;
						ProvisioningStyle = Automatic;
						TestTargetID = 8C8231CC1F4F449E005D7268;
					};
					8C8231EB1F4F449E005D7268 = {
						CreatedOnToolsVersion = 8.3.3;
						ProvisioningStyle = Automatic;
						TestTargetID = 8C8231CC1F4F449E005D7268;
					};
				};
			};
			buildConfigurationList = 8C8231C81F4F449E005D7268 /* Build configuration list for PBXProject "actFecha" */;
			compatibilityVersion = "Xcode 3.2";
			developmentRegion = English;
			hasScannedForEncodings = 0;
			knownRegions = (
				en,
				Base,
			);
			mainGroup = 8C8231C41F4F449E005D7268;
			productRefGroup = 8C8231CE1F4F449E005D7268 /* Products */;
			projectDirPath = "";
			projectRoot = "";
			targets = (
				8C8231CC1F4F449E005D7268 /* actFecha */,
				8C8231E01F4F449E005D7268 /* actFechaTests */,
				8C8231EB1F4F449E005D7268 /* actFechaUITests */,
			);
		};
/* End PBXProject section */

/* Begin PBXResourcesBuildPhase section */
		8C8231CB1F4F449E005D7268 /* Resources */ = {
			isa = PBXResourcesBuildPhase;
			buildActionMask = 2147483647;
			files = (
				8C8231DB1F4F449E005D7268 /* LaunchScreen.storyboard in Resources */,
				8C8231D81F4F449E005D7268 /* Assets.xcassets in Resources */,
				8C8231D61F4F449E005D7268 /* Main.storyboard in Resources */,
			);
			runOnlyForDeploymentPostprocessing = 0;
		};
		8C8231DF1F4F449E005D7268 /* Resources */ = {
			isa = PBXResourcesBuildPhase;
			buildActionMask = 2147483647;
			files = (
			);
			runOnlyForDeploymentPostprocessing = 0;
		};
		8C8231EA1F4F449E005D7268 /* Resources */ = {
			isa = PBXResourcesBuildPhase;
			buildActionMask = 2147483647;
			files = (
			);
			runOnlyForDeploymentPostprocessing = 0;
		};
/* End PBXResourcesBuildPhase section */

/* Begin PBXSourcesBuildPhase section */
		8C8231C91F4F449E005D7268 /* Sources */ = {
			isa = PBXSourcesBuildPhase;
			buildActionMask = 2147483647;
			files = (
				8C8231D31F4F449E005D7268 /* ViewController.swift in Sources */,
				8C8231D11F4F449E005D7268 /* AppDelegate.swift in Sources */,
			);
			runOnlyForDeploymentPostprocessing = 0;
		};
		8C8231DD1F4F449E005D7268 /* Sources */ = {
			isa = PBXSourcesBuildPhase;
			buildActionMask = 2147483647;
			files = (
				8C8231E61F4F449E005D7268 /* actFechaTests.swift in Sources */,
			);
			runOnlyForDeploymentPostprocessing = 0;
		};
		8C8231E81F4F449E005D7268 /* Sources */ = {
			isa = PBXSourcesBuildPhase;
			buildActionMask = 2147483647;
			files = (
				8C8231F11F4F449E005D7268 /* actFechaUITests.swift in Sources */,
			);
			runOnlyForDeploymentPostprocessing = 0;
		};
/* End PBXSourcesBuildPhase section */

/* Begin PBXTargetDependency section */
		8C8231E31F4F449E005D7268 /* PBXTargetDependency */ = {
			isa = PBXTargetDependency;
			target = 8C8231CC1F4F449E005D7268 /* actFecha */;
			targetProxy = 8C8231E21F4F449E005D7268 /* PBXContainerItemProxy */;
		};
		8C8231EE1F4F449E005D7268 /* PBXTargetDependency */ = {
			isa = PBXTargetDependency;
			target = 8C8231CC1F4F449E005D7268 /* actFecha */;
			targetProxy = 8C8231ED1F4F449E005D7268 /* PBXContainerItemProxy */;
		};
/* End PBXTargetDependency section */

/* Begin PBXVariantGroup section */
		8C8231D41F4F449E005D7268 /* Main.storyboard */ = {
			isa = PBXVariantGroup;
			children = (
				8C8231D51F4F449E005D7268 /* Base */,
			);
			name = Main.storyboard;
			sourceTree = "<group>";
		};
		8C8231D91F4F449E005D7268 /* LaunchScreen.storyboard */ = {
			isa = PBXVariantGroup;
			children = (
				8C8231DA1F4F449E005D7268 /* Base */,
			);
			name = LaunchScreen.storyboard;
			sourceTree = "<group>";
		};
/* End PBXVariantGroup section */

/* Begin XCBuildConfiguration section */
		8C8231F31F4F449E005D7268 /* Debug */ = {
			isa = XCBuildConfiguration;
			buildSettings = {
				ALWAYS_SEARCH_USER_PATHS = NO;
				CLANG_ANALYZER_NONNULL = YES;
				CLANG_ANALYZER_NUMBER_OBJECT_CONVERSION = YES_AGGRESSIVE;
				CLANG_CXX_LANGUAGE_STANDARD = "gnu++0x";
				CLANG_CXX_LIBRARY = "libc++";
				CLANG_ENABLE_MODULES = YES;
				CLANG_ENABLE_OBJC_ARC = YES;
				CLANG_WARN_BOOL_CONVERSION = YES;
				CLANG_WARN_CONSTANT_CONVERSION = YES;
				CLANG_WARN_DIRECT_OBJC_ISA_USAGE = YES_ERROR;
				CLANG_WARN_DOCUMENTATION_COMMENTS = YES;
				CLANG_WARN_EMPTY_BODY = YES;
				CLANG_WARN_ENUM_CONVERSION = YES;
				CLANG_WARN_INFINITE_RECURSION = YES;
				CLANG_WARN_INT_CONVERSION = YES;
				CLANG_WARN_OBJC_ROOT_CLASS = YES_ERROR;
				CLANG_WARN_SUSPICIOUS_MOVE = YES;
				CLANG_WARN_UNREACHABLE_CODE = YES;
				CLANG_WARN__DUPLICATE_METHOD_MATCH = YES;
				"CODE_SIGN_IDENTITY[sdk=iphoneos*]" = "iPhone Developer";
				COPY_PHASE_STRIP = NO;
				DEBUG_INFORMATION_FORMAT = dwarf;
				ENABLE_STRICT_OBJC_MSGSEND = YES;
				ENABLE_TESTABILITY = YES;
				GCC_C_LANGUAGE_STANDARD = gnu99;
				GCC_DYNAMIC_NO_PIC = NO;
				GCC_NO_COMMON_BLOCKS = YES;
				GCC_OPTIMIZATION_LEVEL = 0;
				GCC_PREPROCESSOR_DEFINITIONS = (
					"DEBUG=1",
					"$(inherited)",
				);
				GCC_WARN_64_TO_32_BIT_CONVERSION = YES;
				GCC_WARN_ABOUT_RETURN_TYPE = YES_ERROR;
				GCC_WARN_UNDECLARED_SELECTOR = YES;
				GCC_WARN_UNINITIALIZED_AUTOS = YES_AGGRESSIVE;
				GCC_WARN_UNUSED_FUNCTION = YES;
				GCC_WARN_UNUSED_VARIABLE = YES;
				IPHONEOS_DEPLOYMENT_TARGET = 10.3;
				MTL_ENABLE_DEBUG_INFO = YES;
				ONLY_ACTIVE_ARCH = YES;
				SDKROOT = iphoneos;
				SWIFT_ACTIVE_COMPILATION_CONDITIONS = DEBUG;
				SWIFT_OPTIMIZATION_LEVEL = "-Onone";
				TARGETED_DEVICE_FAMILY = "1,2";
			};
			name = Debug;
		};
		8C8231F41F4F449E005D7268 /* Release */ = {
			isa = XCBuildConfiguration;
			buildSettings = {
				ALWAYS_SEARCH_USER_PATHS = NO;
				CLANG_ANALYZER_NONNULL = YES;
				CLANG_ANALYZER_NUMBER_OBJECT_CONVERSION = YES_AGGRESSIVE;
				CLANG_CXX_LANGUAGE_STANDARD = "gnu++0x";
				CLANG_CXX_LIBRARY = "libc++";
				CLANG_ENABLE_MODULES = YES;
				CLANG_ENABLE_OBJC_ARC = YES;
				CLANG_WARN_BOOL_CONVERSION = YES;
				CLANG_WARN_CONSTANT_CONVERSION = YES;
				CLANG_WARN_DIRECT_OBJC_ISA_USAGE = YES_ERROR;
				CLANG_WARN_DOCUMENTATION_COMMENTS = YES;
				CLANG_WARN_EMPTY_BODY = YES;
				CLANG_WARN_ENUM_CONVERSION = YES;
				CLANG_WARN_INFINITE_RECURSION = YES;
				CLANG_WARN_INT_CONVERSION = YES;
				CLANG_WARN_OBJC_ROOT_CLASS = YES_ERROR;
				CLANG_WARN_SUSPICIOUS_MOVE = YES;
				CLANG_WARN_UNREACHABLE_CODE = YES;
				CLANG_WARN__DUPLICATE_METHOD_MATCH = YES;
				"CODE_SIGN_IDENTITY[sdk=iphoneos*]" = "iPhone Developer";
				COPY_PHASE_STRIP = NO;
				DEBUG_INFORMATION_FORMAT = "dwarf-with-dsym";
				ENABLE_NS_ASSERTIONS = NO;
				ENABLE_STRICT_OBJC_MSGSEND = YES;
				GCC_C_LANGUAGE_STANDARD = gnu99;
				GCC_NO_COMMON_BLOCKS = YES;
				GCC_WARN_64_TO_32_BIT_CONVERSION = YES;
				GCC_WARN_ABOUT_RETURN_TYPE = YES_ERROR;
				GCC_WARN_UNDECLARED_SELECTOR = YES;
				GCC_WARN_UNINITIALIZED_AUTOS = YES_AGGRESSIVE;
				GCC_WARN_UNUSED_FUNCTION = YES;
				GCC_WARN_UNUSED_VARIABLE = YES;
				IPHONEOS_DEPLOYMENT_TARGET = 10.3;
				MTL_ENABLE_DEBUG_INFO = NO;
				SDKROOT = iphoneos;
				SWIFT_OPTIMIZATION_LEVEL = "-Owholemodule";
				TARGETED_DEVICE_FAMILY = "1,2";
				VALIDATE_PRODUCT = YES;
			};
			name = Release;
		};
		8C8231F61F4F449E005D7268 /* Debug */ = {
			isa = XCBuildConfiguration;
			buildSettings = {
				ASSETCATALOG_COMPILER_APPICON_NAME = AppIcon;
				INFOPLIST_FILE = actFecha/Info.plist;
				LD_RUNPATH_SEARCH_PATHS = "$(inherited) @executable_path/Frameworks";
				PRODUCT_BUNDLE_IDENTIFIER = "Ricardo-Licea-Mata.actFecha";
				PRODUCT_NAME = "$(TARGET_NAME)";
				SWIFT_VERSION = 3.0;
			};
			name = Debug;
		};
		8C8231F71F4F449E005D7268 /* Release */ = {
			isa = XCBuildConfiguration;
			buildSettings = {
				ASSETCATALOG_COMPILER_APPICON_NAME = AppIcon;
				INFOPLIST_FILE = actFecha/Info.plist;
				LD_RUNPATH_SEARCH_PATHS = "$(inherited) @executable_path/Frameworks";
				PRODUCT_BUNDLE_IDENTIFIER = "Ricardo-Licea-Mata.actFecha";
				PRODUCT_NAME = "$(TARGET_NAME)";
				SWIFT_VERSION = 3.0;
			};
			name = Release;
		};
		8C8231F91F4F449E005D7268 /* Debug */ = {
			isa = XCBuildConfiguration;
			buildSettings = {
				ALWAYS_EMBED_SWIFT_STANDARD_LIBRARIES = YES;
				BUNDLE_LOADER = "$(TEST_HOST)";
				INFOPLIST_FILE = actFechaTests/Info.plist;
				LD_RUNPATH_SEARCH_PATHS = "$(inherited) @executable_path/Frameworks @loader_path/Frameworks";
				PRODUCT_BUNDLE_IDENTIFIER = "Ricardo-Licea-Mata.actFechaTests";
				PRODUCT_NAME = "$(TARGET_NAME)";
				SWIFT_VERSION = 3.0;
				TEST_HOST = "$(BUILT_PRODUCTS_DIR)/actFecha.app/actFecha";
			};
			name = Debug;
		};
		8C8231FA1F4F449E005D7268 /* Release */ = {
			isa = XCBuildConfiguration;
			buildSettings = {
				ALWAYS_EMBED_SWIFT_STANDARD_LIBRARIES = YES;
				BUNDLE_LOADER = "$(TEST_HOST)";
				INFOPLIST_FILE = actFechaTests/Info.plist;
				LD_RUNPATH_SEARCH_PATHS = "$(inherited) @executable_path/Frameworks @loader_path/Frameworks";
				PRODUCT_BUNDLE_IDENTIFIER = "Ricardo-Licea-Mata.actFechaTests";
				PRODUCT_NAME = "$(TARGET_NAME)";
				SWIFT_VERSION = 3.0;
				TEST_HOST = "$(BUILT_PRODUCTS_DIR)/actFecha.app/actFecha";
			};
			name = Release;
		};
		8C8231FC1F4F449E005D7268 /* Debug */ = {
			isa = XCBuildConfiguration;
			buildSettings = {
				ALWAYS_EMBED_SWIFT_STANDARD_LIBRARIES = YES;
				INFOPLIST_FILE = actFechaUITests/Info.plist;
				LD_RUNPATH_SEARCH_PATHS = "$(inherited) @executable_path/Frameworks @loader_path/Frameworks";
				PRODUCT_BUNDLE_IDENTIFIER = "Ricardo-Licea-Mata.actFechaUITests";
				PRODUCT_NAME = "$(TARGET_NAME)";
				SWIFT_VERSION = 3.0;
				TEST_TARGET_NAME = actFecha;
			};
			name = Debug;
		};
		8C8231FD1F4F449E005D7268 /* Release */ = {
			isa = XCBuildConfiguration;
			buildSettings = {
				ALWAYS_EMBED_SWIFT_STANDARD_LIBRARIES = YES;
				INFOPLIST_FILE = actFechaUITests/Info.plist;
				LD_RUNPATH_SEARCH_PATHS = "$(inherited) @executable_path/Frameworks @loader_path/Frameworks";
				PRODUCT_BUNDLE_IDENTIFIER = "Ricardo-Licea-Mata.actFechaUITests";
				PRODUCT_NAME = "$(TARGET_NAME)";
				SWIFT_VERSION = 3.0;
				TEST_TARGET_NAME = actFecha;
			};
			name = Release;
		};
/* End XCBuildConfiguration section */

/* Begin XCConfigurationList section */
		8C8231C81F4F449E005D7268 /* Build configuration list for PBXProject "actFecha" */ = {
			isa = XCConfigurationList;
			buildConfigurations = (
				8C8231F31F4F449E005D7268 /* Debug */,
				8C8231F41F4F449E005D7268 /* Release */,
			);
			defaultConfigurationIsVisible = 0;
			defaultConfigurationName = Release;
		};
		8C8231F51F4F449E005D7268 /* Build configuration list for PBXNativeTarget "actFecha" */ = {
			isa = XCConfigurationList;
			buildConfigurations = (
				8C8231F61F4F449E005D7268 /* Debug */,
				8C8231F71F4F449E005D7268 /* Release */,
			);
			defaultConfigurationIsVisible = 0;
		};
		8C8231F81F4F449E005D7268 /* Build configuration list for PBXNativeTarget "actFechaTests" */ = {
			isa = XCConfigurationList;
			buildConfigurations = (
				8C8231F91F4F449E005D7268 /* Debug */,
				8C8231FA1F4F449E005D7268 /* Release */,
			);
			defaultConfigurationIsVisible = 0;
		};
		8C8231FB1F4F449E005D7268 /* Build configuration list for PBXNativeTarget "actFechaUITests" */ = {
			isa = XCConfigurationList;
			buildConfigurations = (
				8C8231FC1F4F449E005D7268 /* Debug */,
				8C8231FD1F4F449E005D7268 /* Release */,
			);
			defaultConfigurationIsVisible = 0;
		};
/* End XCConfigurationList section */
	};
	rootObject = 8C8231C51F4F449E005D7268 /* Project object */;
}
