// !$*UTF8*$!
{
	archiveVersion = 1;
	classes = {
	};
	objectVersion = 46;
	objects = {

/* Begin PBXBuildFile section */
		8CADDD481F54A9CC00866B1B /* AppDelegate.swift in Sources */ = {isa = PBXBuildFile; fileRef = 8CADDD471F54A9CC00866B1B /* AppDelegate.swift */; };
		8CADDD4A1F54A9CC00866B1B /* ViewController.swift in Sources */ = {isa = PBXBuildFile; fileRef = 8CADDD491F54A9CC00866B1B /* ViewController.swift */; };
		8CADDD4D1F54A9CC00866B1B /* Main.storyboard in Resources */ = {isa = PBXBuildFile; fileRef = 8CADDD4B1F54A9CC00866B1B /* Main.storyboard */; };
		8CADDD4F1F54A9CC00866B1B /* Assets.xcassets in Resources */ = {isa = PBXBuildFile; fileRef = 8CADDD4E1F54A9CC00866B1B /* Assets.xcassets */; };
		8CADDD521F54A9CC00866B1B /* LaunchScreen.storyboard in Resources */ = {isa = PBXBuildFile; fileRef = 8CADDD501F54A9CC00866B1B /* LaunchScreen.storyboard */; };
		8CADDD5D1F54A9CC00866B1B /* ticTacToeTests.swift in Sources */ = {isa = PBXBuildFile; fileRef = 8CADDD5C1F54A9CC00866B1B /* ticTacToeTests.swift */; };
		8CADDD681F54A9CC00866B1B /* ticTacToeUITests.swift in Sources */ = {isa = PBXBuildFile; fileRef = 8CADDD671F54A9CC00866B1B /* ticTacToeUITests.swift */; };
/* End PBXBuildFile section */

/* Begin PBXContainerItemProxy section */
		8CADDD591F54A9CC00866B1B /* PBXContainerItemProxy */ = {
			isa = PBXContainerItemProxy;
			containerPortal = 8CADDD3C1F54A9CC00866B1B /* Project object */;
			proxyType = 1;
			remoteGlobalIDString = 8CADDD431F54A9CC00866B1B;
			remoteInfo = ticTacToe;
		};
		8CADDD641F54A9CC00866B1B /* PBXContainerItemProxy */ = {
			isa = PBXContainerItemProxy;
			containerPortal = 8CADDD3C1F54A9CC00866B1B /* Project object */;
			proxyType = 1;
			remoteGlobalIDString = 8CADDD431F54A9CC00866B1B;
			remoteInfo = ticTacToe;
		};
/* End PBXContainerItemProxy section */

/* Begin PBXFileReference section */
		8CADDD441F54A9CC00866B1B /* ticTacToe.app */ = {isa = PBXFileReference; explicitFileType = wrapper.application; includeInIndex = 0; path = ticTacToe.app; sourceTree = BUILT_PRODUCTS_DIR; };
		8CADDD471F54A9CC00866B1B /* AppDelegate.swift */ = {isa = PBXFileReference; lastKnownFileType = sourcecode.swift; path = AppDelegate.swift; sourceTree = "<group>"; };
		8CADDD491F54A9CC00866B1B /* ViewController.swift */ = {isa = PBXFileReference; lastKnownFileType = sourcecode.swift; path = ViewController.swift; sourceTree = "<group>"; };
		8CADDD4C1F54A9CC00866B1B /* Base */ = {isa = PBXFileReference; lastKnownFileType = file.storyboard; name = Base; path = Base.lproj/Main.storyboard; sourceTree = "<group>"; };
		8CADDD4E1F54A9CC00866B1B /* Assets.xcassets */ = {isa = PBXFileReference; lastKnownFileType = folder.assetcatalog; path = Assets.xcassets; sourceTree = "<group>"; };
		8CADDD511F54A9CC00866B1B /* Base */ = {isa = PBXFileReference; lastKnownFileType = file.storyboard; name = Base; path = Base.lproj/LaunchScreen.storyboard; sourceTree = "<group>"; };
		8CADDD531F54A9CC00866B1B /* Info.plist */ = {isa = PBXFileReference; lastKnownFileType = text.plist.xml; path = Info.plist; sourceTree = "<group>"; };
		8CADDD581F54A9CC00866B1B /* ticTacToeTests.xctest */ = {isa = PBXFileReference; explicitFileType = wrapper.cfbundle; includeInIndex = 0; path = ticTacToeTests.xctest; sourceTree = BUILT_PRODUCTS_DIR; };
		8CADDD5C1F54A9CC00866B1B /* ticTacToeTests.swift */ = {isa = PBXFileReference; lastKnownFileType = sourcecode.swift; path = ticTacToeTests.swift; sourceTree = "<group>"; };
		8CADDD5E1F54A9CC00866B1B /* Info.plist */ = {isa = PBXFileReference; lastKnownFileType = text.plist.xml; path = Info.plist; sourceTree = "<group>"; };
		8CADDD631F54A9CC00866B1B /* ticTacToeUITests.xctest */ = {isa = PBXFileReference; explicitFileType = wrapper.cfbundle; includeInIndex = 0; path = ticTacToeUITests.xctest; sourceTree = BUILT_PRODUCTS_DIR; };
		8CADDD671F54A9CC00866B1B /* ticTacToeUITests.swift */ = {isa = PBXFileReference; lastKnownFileType = sourcecode.swift; path = ticTacToeUITests.swift; sourceTree = "<group>"; };
		8CADDD691F54A9CC00866B1B /* Info.plist */ = {isa = PBXFileReference; lastKnownFileType = text.plist.xml; path = Info.plist; sourceTree = "<group>"; };
/* End PBXFileReference section */

/* Begin PBXFrameworksBuildPhase section */
		8CADDD411F54A9CC00866B1B /* Frameworks */ = {
			isa = PBXFrameworksBuildPhase;
			buildActionMask = 2147483647;
			files = (
			);
			runOnlyForDeploymentPostprocessing = 0;
		};
		8CADDD551F54A9CC00866B1B /* Frameworks */ = {
			isa = PBXFrameworksBuildPhase;
			buildActionMask = 2147483647;
			files = (
			);
			runOnlyForDeploymentPostprocessing = 0;
		};
		8CADDD601F54A9CC00866B1B /* Frameworks */ = {
			isa = PBXFrameworksBuildPhase;
			buildActionMask = 2147483647;
			files = (
			);
			runOnlyForDeploymentPostprocessing = 0;
		};
/* End PBXFrameworksBuildPhase section */

/* Begin PBXGroup section */
		8CADDD3B1F54A9CC00866B1B = {
			isa = PBXGroup;
			children = (
				8CADDD461F54A9CC00866B1B /* ticTacToe */,
				8CADDD5B1F54A9CC00866B1B /* ticTacToeTests */,
				8CADDD661F54A9CC00866B1B /* ticTacToeUITests */,
				8CADDD451F54A9CC00866B1B /* Products */,
			);
			sourceTree = "<group>";
		};
		8CADDD451F54A9CC00866B1B /* Products */ = {
			isa = PBXGroup;
			children = (
				8CADDD441F54A9CC00866B1B /* ticTacToe.app */,
				8CADDD581F54A9CC00866B1B /* ticTacToeTests.xctest */,
				8CADDD631F54A9CC00866B1B /* ticTacToeUITests.xctest */,
			);
			name = Products;
			sourceTree = "<group>";
		};
		8CADDD461F54A9CC00866B1B /* ticTacToe */ = {
			isa = PBXGroup;
			children = (
				8CADDD471F54A9CC00866B1B /* AppDelegate.swift */,
				8CADDD491F54A9CC00866B1B /* ViewController.swift */,
				8CADDD4B1F54A9CC00866B1B /* Main.storyboard */,
				8CADDD4E1F54A9CC00866B1B /* Assets.xcassets */,
				8CADDD501F54A9CC00866B1B /* LaunchScreen.storyboard */,
				8CADDD531F54A9CC00866B1B /* Info.plist */,
			);
			path = ticTacToe;
			sourceTree = "<group>";
		};
		8CADDD5B1F54A9CC00866B1B /* ticTacToeTests */ = {
			isa = PBXGroup;
			children = (
				8CADDD5C1F54A9CC00866B1B /* ticTacToeTests.swift */,
				8CADDD5E1F54A9CC00866B1B /* Info.plist */,
			);
			path = ticTacToeTests;
			sourceTree = "<group>";
		};
		8CADDD661F54A9CC00866B1B /* ticTacToeUITests */ = {
			isa = PBXGroup;
			children = (
				8CADDD671F54A9CC00866B1B /* ticTacToeUITests.swift */,
				8CADDD691F54A9CC00866B1B /* Info.plist */,
			);
			path = ticTacToeUITests;
			sourceTree = "<group>";
		};
/* End PBXGroup section */

/* Begin PBXNativeTarget section */
		8CADDD431F54A9CC00866B1B /* ticTacToe */ = {
			isa = PBXNativeTarget;
			buildConfigurationList = 8CADDD6C1F54A9CC00866B1B /* Build configuration list for PBXNativeTarget "ticTacToe" */;
			buildPhases = (
				8CADDD401F54A9CC00866B1B /* Sources */,
				8CADDD411F54A9CC00866B1B /* Frameworks */,
				8CADDD421F54A9CC00866B1B /* Resources */,
			);
			buildRules = (
			);
			dependencies = (
			);
			name = ticTacToe;
			productName = ticTacToe;
			productReference = 8CADDD441F54A9CC00866B1B /* ticTacToe.app */;
			productType = "com.apple.product-type.application";
		};
		8CADDD571F54A9CC00866B1B /* ticTacToeTests */ = {
			isa = PBXNativeTarget;
			buildConfigurationList = 8CADDD6F1F54A9CC00866B1B /* Build configuration list for PBXNativeTarget "ticTacToeTests" */;
			buildPhases = (
				8CADDD541F54A9CC00866B1B /* Sources */,
				8CADDD551F54A9CC00866B1B /* Frameworks */,
				8CADDD561F54A9CC00866B1B /* Resources */,
			);
			buildRules = (
			);
			dependencies = (
				8CADDD5A1F54A9CC00866B1B /* PBXTargetDependency */,
			);
			name = ticTacToeTests;
			productName = ticTacToeTests;
			productReference = 8CADDD581F54A9CC00866B1B /* ticTacToeTests.xctest */;
			productType = "com.apple.product-type.bundle.unit-test";
		};
		8CADDD621F54A9CC00866B1B /* ticTacToeUITests */ = {
			isa = PBXNativeTarget;
			buildConfigurationList = 8CADDD721F54A9CC00866B1B /* Build configuration list for PBXNativeTarget "ticTacToeUITests" */;
			buildPhases = (
				8CADDD5F1F54A9CC00866B1B /* Sources */,
				8CADDD601F54A9CC00866B1B /* Frameworks */,
				8CADDD611F54A9CC00866B1B /* Resources */,
			);
			buildRules = (
			);
			dependencies = (
				8CADDD651F54A9CC00866B1B /* PBXTargetDependency */,
			);
			name = ticTacToeUITests;
			productName = ticTacToeUITests;
			productReference = 8CADDD631F54A9CC00866B1B /* ticTacToeUITests.xctest */;
			productType = "com.apple.product-type.bundle.ui-testing";
		};
/* End PBXNativeTarget section */

/* Begin PBXProject section */
		8CADDD3C1F54A9CC00866B1B /* Project object */ = {
			isa = PBXProject;
			attributes = {
				LastSwiftUpdateCheck = 0830;
				LastUpgradeCheck = 0830;
				ORGANIZATIONNAME = "Ricardo Licea";
				TargetAttributes = {
					8CADDD431F54A9CC00866B1B = {
						CreatedOnToolsVersion = 8.3.3;
						ProvisioningStyle = Automatic;
					};
					8CADDD571F54A9CC00866B1B = {
						CreatedOnToolsVersion = 8.3.3;
						ProvisioningStyle = Automatic;
						TestTargetID = 8CADDD431F54A9CC00866B1B;
					};
					8CADDD621F54A9CC00866B1B = {
						CreatedOnToolsVersion = 8.3.3;
						ProvisioningStyle = Automatic;
						TestTargetID = 8CADDD431F54A9CC00866B1B;
					};
				};
			};
			buildConfigurationList = 8CADDD3F1F54A9CC00866B1B /* Build configuration list for PBXProject "ticTacToe" */;
			compatibilityVersion = "Xcode 3.2";
			developmentRegion = English;
			hasScannedForEncodings = 0;
			knownRegions = (
				en,
				Base,
			);
			mainGroup = 8CADDD3B1F54A9CC00866B1B;
			productRefGroup = 8CADDD451F54A9CC00866B1B /* Products */;
			projectDirPath = "";
			projectRoot = "";
			targets = (
				8CADDD431F54A9CC00866B1B /* ticTacToe */,
				8CADDD571F54A9CC00866B1B /* ticTacToeTests */,
				8CADDD621F54A9CC00866B1B /* ticTacToeUITests */,
			);
		};
/* End PBXProject section */

/* Begin PBXResourcesBuildPhase section */
		8CADDD421F54A9CC00866B1B /* Resources */ = {
			isa = PBXResourcesBuildPhase;
			buildActionMask = 2147483647;
			files = (
				8CADDD521F54A9CC00866B1B /* LaunchScreen.storyboard in Resources */,
				8CADDD4F1F54A9CC00866B1B /* Assets.xcassets in Resources */,
				8CADDD4D1F54A9CC00866B1B /* Main.storyboard in Resources */,
			);
			runOnlyForDeploymentPostprocessing = 0;
		};
		8CADDD561F54A9CC00866B1B /* Resources */ = {
			isa = PBXResourcesBuildPhase;
			buildActionMask = 2147483647;
			files = (
			);
			runOnlyForDeploymentPostprocessing = 0;
		};
		8CADDD611F54A9CC00866B1B /* Resources */ = {
			isa = PBXResourcesBuildPhase;
			buildActionMask = 2147483647;
			files = (
			);
			runOnlyForDeploymentPostprocessing = 0;
		};
/* End PBXResourcesBuildPhase section */

/* Begin PBXSourcesBuildPhase section */
		8CADDD401F54A9CC00866B1B /* Sources */ = {
			isa = PBXSourcesBuildPhase;
			buildActionMask = 2147483647;
			files = (
				8CADDD4A1F54A9CC00866B1B /* ViewController.swift in Sources */,
				8CADDD481F54A9CC00866B1B /* AppDelegate.swift in Sources */,
			);
			runOnlyForDeploymentPostprocessing = 0;
		};
		8CADDD541F54A9CC00866B1B /* Sources */ = {
			isa = PBXSourcesBuildPhase;
			buildActionMask = 2147483647;
			files = (
				8CADDD5D1F54A9CC00866B1B /* ticTacToeTests.swift in Sources */,
			);
			runOnlyForDeploymentPostprocessing = 0;
		};
		8CADDD5F1F54A9CC00866B1B /* Sources */ = {
			isa = PBXSourcesBuildPhase;
			buildActionMask = 2147483647;
			files = (
				8CADDD681F54A9CC00866B1B /* ticTacToeUITests.swift in Sources */,
			);
			runOnlyForDeploymentPostprocessing = 0;
		};
/* End PBXSourcesBuildPhase section */

/* Begin PBXTargetDependency section */
		8CADDD5A1F54A9CC00866B1B /* PBXTargetDependency */ = {
			isa = PBXTargetDependency;
			target = 8CADDD431F54A9CC00866B1B /* ticTacToe */;
			targetProxy = 8CADDD591F54A9CC00866B1B /* PBXContainerItemProxy */;
		};
		8CADDD651F54A9CC00866B1B /* PBXTargetDependency */ = {
			isa = PBXTargetDependency;
			target = 8CADDD431F54A9CC00866B1B /* ticTacToe */;
			targetProxy = 8CADDD641F54A9CC00866B1B /* PBXContainerItemProxy */;
		};
/* End PBXTargetDependency section */

/* Begin PBXVariantGroup section */
		8CADDD4B1F54A9CC00866B1B /* Main.storyboard */ = {
			isa = PBXVariantGroup;
			children = (
				8CADDD4C1F54A9CC00866B1B /* Base */,
			);
			name = Main.storyboard;
			sourceTree = "<group>";
		};
		8CADDD501F54A9CC00866B1B /* LaunchScreen.storyboard */ = {
			isa = PBXVariantGroup;
			children = (
				8CADDD511F54A9CC00866B1B /* Base */,
			);
			name = LaunchScreen.storyboard;
			sourceTree = "<group>";
		};
/* End PBXVariantGroup section */

/* Begin XCBuildConfiguration section */
		8CADDD6A1F54A9CC00866B1B /* Debug */ = {
			isa = XCBuildConfiguration;
			buildSettings = {
				ALWAYS_SEARCH_USER_PATHS = NO;
				CLANG_ANALYZER_NONNULL = YES;
				CLANG_ANALYZER_NUMBER_OBJECT_CONVERSION = YES_AGGRESSIVE;
				CLANG_CXX_LANGUAGE_STANDARD = "gnu++0x";
				CLANG_CXX_LIBRARY = "libc++";
				CLANG_ENABLE_MODULES = YES;
				CLANG_ENABLE_OBJC_ARC = YES;
				CLANG_WARN_BOOL_CONVERSION = YES;
				CLANG_WARN_CONSTANT_CONVERSION = YES;
				CLANG_WARN_DIRECT_OBJC_ISA_USAGE = YES_ERROR;
				CLANG_WARN_DOCUMENTATION_COMMENTS = YES;
				CLANG_WARN_EMPTY_BODY = YES;
				CLANG_WARN_ENUM_CONVERSION = YES;
				CLANG_WARN_INFINITE_RECURSION = YES;
				CLANG_WARN_INT_CONVERSION = YES;
				CLANG_WARN_OBJC_ROOT_CLASS = YES_ERROR;
				CLANG_WARN_SUSPICIOUS_MOVE = YES;
				CLANG_WARN_UNREACHABLE_CODE = YES;
				CLANG_WARN__DUPLICATE_METHOD_MATCH = YES;
				"CODE_SIGN_IDENTITY[sdk=iphoneos*]" = "iPhone Developer";
				COPY_PHASE_STRIP = NO;
				DEBUG_INFORMATION_FORMAT = dwarf;
				ENABLE_STRICT_OBJC_MSGSEND = YES;
				ENABLE_TESTABILITY = YES;
				GCC_C_LANGUAGE_STANDARD = gnu99;
				GCC_DYNAMIC_NO_PIC = NO;
				GCC_NO_COMMON_BLOCKS = YES;
				GCC_OPTIMIZATION_LEVEL = 0;
				GCC_PREPROCESSOR_DEFINITIONS = (
					"DEBUG=1",
					"$(inherited)",
				);
				GCC_WARN_64_TO_32_BIT_CONVERSION = YES;
				GCC_WARN_ABOUT_RETURN_TYPE = YES_ERROR;
				GCC_WARN_UNDECLARED_SELECTOR = YES;
				GCC_WARN_UNINITIALIZED_AUTOS = YES_AGGRESSIVE;
				GCC_WARN_UNUSED_FUNCTION = YES;
				GCC_WARN_UNUSED_VARIABLE = YES;
				IPHONEOS_DEPLOYMENT_TARGET = 10.3;
				MTL_ENABLE_DEBUG_INFO = YES;
				ONLY_ACTIVE_ARCH = YES;
				SDKROOT = iphoneos;
				SWIFT_ACTIVE_COMPILATION_CONDITIONS = DEBUG;
				SWIFT_OPTIMIZATION_LEVEL = "-Onone";
				TARGETED_DEVICE_FAMILY = "1,2";
			};
			name = Debug;
		};
		8CADDD6B1F54A9CC00866B1B /* Release */ = {
			isa = XCBuildConfiguration;
			buildSettings = {
				ALWAYS_SEARCH_USER_PATHS = NO;
				CLANG_ANALYZER_NONNULL = YES;
				CLANG_ANALYZER_NUMBER_OBJECT_CONVERSION = YES_AGGRESSIVE;
				CLANG_CXX_LANGUAGE_STANDARD = "gnu++0x";
				CLANG_CXX_LIBRARY = "libc++";
				CLANG_ENABLE_MODULES = YES;
				CLANG_ENABLE_OBJC_ARC = YES;
				CLANG_WARN_BOOL_CONVERSION = YES;
				CLANG_WARN_CONSTANT_CONVERSION = YES;
				CLANG_WARN_DIRECT_OBJC_ISA_USAGE = YES_ERROR;
				CLANG_WARN_DOCUMENTATION_COMMENTS = YES;
				CLANG_WARN_EMPTY_BODY = YES;
				CLANG_WARN_ENUM_CONVERSION = YES;
				CLANG_WARN_INFINITE_RECURSION = YES;
				CLANG_WARN_INT_CONVERSION = YES;
				CLANG_WARN_OBJC_ROOT_CLASS = YES_ERROR;
				CLANG_WARN_SUSPICIOUS_MOVE = YES;
				CLANG_WARN_UNREACHABLE_CODE = YES;
				CLANG_WARN__DUPLICATE_METHOD_MATCH = YES;
				"CODE_SIGN_IDENTITY[sdk=iphoneos*]" = "iPhone Developer";
				COPY_PHASE_STRIP = NO;
				DEBUG_INFORMATION_FORMAT = "dwarf-with-dsym";
				ENABLE_NS_ASSERTIONS = NO;
				ENABLE_STRICT_OBJC_MSGSEND = YES;
				GCC_C_LANGUAGE_STANDARD = gnu99;
				GCC_NO_COMMON_BLOCKS = YES;
				GCC_WARN_64_TO_32_BIT_CONVERSION = YES;
				GCC_WARN_ABOUT_RETURN_TYPE = YES_ERROR;
				GCC_WARN_UNDECLARED_SELECTOR = YES;
				GCC_WARN_UNINITIALIZED_AUTOS = YES_AGGRESSIVE;
				GCC_WARN_UNUSED_FUNCTION = YES;
				GCC_WARN_UNUSED_VARIABLE = YES;
				IPHONEOS_DEPLOYMENT_TARGET = 10.3;
				MTL_ENABLE_DEBUG_INFO = NO;
				SDKROOT = iphoneos;
				SWIFT_OPTIMIZATION_LEVEL = "-Owholemodule";
				TARGETED_DEVICE_FAMILY = "1,2";
				VALIDATE_PRODUCT = YES;
			};
			name = Release;
		};
		8CADDD6D1F54A9CC00866B1B /* Debug */ = {
			isa = XCBuildConfiguration;
			buildSettings = {
				ASSETCATALOG_COMPILER_APPICON_NAME = AppIcon;
				INFOPLIST_FILE = ticTacToe/Info.plist;
				LD_RUNPATH_SEARCH_PATHS = "$(inherited) @executable_path/Frameworks";
				PRODUCT_BUNDLE_IDENTIFIER = "Ricardo-Licea-Mata.ticTacToe";
				PRODUCT_NAME = "$(TARGET_NAME)";
				SWIFT_VERSION = 3.0;
			};
			name = Debug;
		};
		8CADDD6E1F54A9CC00866B1B /* Release */ = {
			isa = XCBuildConfiguration;
			buildSettings = {
				ASSETCATALOG_COMPILER_APPICON_NAME = AppIcon;
				INFOPLIST_FILE = ticTacToe/Info.plist;
				LD_RUNPATH_SEARCH_PATHS = "$(inherited) @executable_path/Frameworks";
				PRODUCT_BUNDLE_IDENTIFIER = "Ricardo-Licea-Mata.ticTacToe";
				PRODUCT_NAME = "$(TARGET_NAME)";
				SWIFT_VERSION = 3.0;
			};
			name = Release;
		};
		8CADDD701F54A9CC00866B1B /* Debug */ = {
			isa = XCBuildConfiguration;
			buildSettings = {
				ALWAYS_EMBED_SWIFT_STANDARD_LIBRARIES = YES;
				BUNDLE_LOADER = "$(TEST_HOST)";
				INFOPLIST_FILE = ticTacToeTests/Info.plist;
				LD_RUNPATH_SEARCH_PATHS = "$(inherited) @executable_path/Frameworks @loader_path/Frameworks";
				PRODUCT_BUNDLE_IDENTIFIER = "Ricardo-Licea-Mata.ticTacToeTests";
				PRODUCT_NAME = "$(TARGET_NAME)";
				SWIFT_VERSION = 3.0;
				TEST_HOST = "$(BUILT_PRODUCTS_DIR)/ticTacToe.app/ticTacToe";
			};
			name = Debug;
		};
		8CADDD711F54A9CC00866B1B /* Release */ = {
			isa = XCBuildConfiguration;
			buildSettings = {
				ALWAYS_EMBED_SWIFT_STANDARD_LIBRARIES = YES;
				BUNDLE_LOADER = "$(TEST_HOST)";
				INFOPLIST_FILE = ticTacToeTests/Info.plist;
				LD_RUNPATH_SEARCH_PATHS = "$(inherited) @executable_path/Frameworks @loader_path/Frameworks";
				PRODUCT_BUNDLE_IDENTIFIER = "Ricardo-Licea-Mata.ticTacToeTests";
				PRODUCT_NAME = "$(TARGET_NAME)";
				SWIFT_VERSION = 3.0;
				TEST_HOST = "$(BUILT_PRODUCTS_DIR)/ticTacToe.app/ticTacToe";
			};
			name = Release;
		};
		8CADDD731F54A9CC00866B1B /* Debug */ = {
			isa = XCBuildConfiguration;
			buildSettings = {
				ALWAYS_EMBED_SWIFT_STANDARD_LIBRARIES = YES;
				INFOPLIST_FILE = ticTacToeUITests/Info.plist;
				LD_RUNPATH_SEARCH_PATHS = "$(inherited) @executable_path/Frameworks @loader_path/Frameworks";
				PRODUCT_BUNDLE_IDENTIFIER = "Ricardo-Licea-Mata.ticTacToeUITests";
				PRODUCT_NAME = "$(TARGET_NAME)";
				SWIFT_VERSION = 3.0;
				TEST_TARGET_NAME = ticTacToe;
			};
			name = Debug;
		};
		8CADDD741F54A9CC00866B1B /* Release */ = {
			isa = XCBuildConfiguration;
			buildSettings = {
				ALWAYS_EMBED_SWIFT_STANDARD_LIBRARIES = YES;
				INFOPLIST_FILE = ticTacToeUITests/Info.plist;
				LD_RUNPATH_SEARCH_PATHS = "$(inherited) @executable_path/Frameworks @loader_path/Frameworks";
				PRODUCT_BUNDLE_IDENTIFIER = "Ricardo-Licea-Mata.ticTacToeUITests";
				PRODUCT_NAME = "$(TARGET_NAME)";
				SWIFT_VERSION = 3.0;
				TEST_TARGET_NAME = ticTacToe;
			};
			name = Release;
		};
/* End XCBuildConfiguration section */

/* Begin XCConfigurationList section */
		8CADDD3F1F54A9CC00866B1B /* Build configuration list for PBXProject "ticTacToe" */ = {
			isa = XCConfigurationList;
			buildConfigurations = (
				8CADDD6A1F54A9CC00866B1B /* Debug */,
				8CADDD6B1F54A9CC00866B1B /* Release */,
			);
			defaultConfigurationIsVisible = 0;
			defaultConfigurationName = Release;
		};
		8CADDD6C1F54A9CC00866B1B /* Build configuration list for PBXNativeTarget "ticTacToe" */ = {
			isa = XCConfigurationList;
			buildConfigurations = (
				8CADDD6D1F54A9CC00866B1B /* Debug */,
				8CADDD6E1F54A9CC00866B1B /* Release */,
			);
			defaultConfigurationIsVisible = 0;
		};
		8CADDD6F1F54A9CC00866B1B /* Build configuration list for PBXNativeTarget "ticTacToeTests" */ = {
			isa = XCConfigurationList;
			buildConfigurations = (
				8CADDD701F54A9CC00866B1B /* Debug */,
				8CADDD711F54A9CC00866B1B /* Release */,
			);
			defaultConfigurationIsVisible = 0;
		};
		8CADDD721F54A9CC00866B1B /* Build configuration list for PBXNativeTarget "ticTacToeUITests" */ = {
			isa = XCConfigurationList;
			buildConfigurations = (
				8CADDD731F54A9CC00866B1B /* Debug */,
				8CADDD741F54A9CC00866B1B /* Release */,
			);
			defaultConfigurationIsVisible = 0;
		};
/* End XCConfigurationList section */
	};
	rootObject = 8CADDD3C1F54A9CC00866B1B /* Project object */;
}
