// !$*UTF8*$!
{
	archiveVersion = 1;
	classes = {
	};
	objectVersion = 46;
	objects = {

/* Begin PBXBuildFile section */
		8C4A3EBD1F58753B00807AAE /* AppDelegate.swift in Sources */ = {isa = PBXBuildFile; fileRef = 8C4A3EBC1F58753B00807AAE /* AppDelegate.swift */; };
		8C4A3EBF1F58753B00807AAE /* ViewController.swift in Sources */ = {isa = PBXBuildFile; fileRef = 8C4A3EBE1F58753B00807AAE /* ViewController.swift */; };
		8C4A3EC21F58753B00807AAE /* Main.storyboard in Resources */ = {isa = PBXBuildFile; fileRef = 8C4A3EC01F58753B00807AAE /* Main.storyboard */; };
		8C4A3EC41F58753C00807AAE /* Assets.xcassets in Resources */ = {isa = PBXBuildFile; fileRef = 8C4A3EC31F58753C00807AAE /* Assets.xcassets */; };
		8C4A3EC71F58753C00807AAE /* LaunchScreen.storyboard in Resources */ = {isa = PBXBuildFile; fileRef = 8C4A3EC51F58753C00807AAE /* LaunchScreen.storyboard */; };
		8C4A3ED21F58753C00807AAE /* cuerposGeometricosTests.swift in Sources */ = {isa = PBXBuildFile; fileRef = 8C4A3ED11F58753C00807AAE /* cuerposGeometricosTests.swift */; };
		8C4A3EDD1F58753C00807AAE /* cuerposGeometricosUITests.swift in Sources */ = {isa = PBXBuildFile; fileRef = 8C4A3EDC1F58753C00807AAE /* cuerposGeometricosUITests.swift */; };
		8C4A3EEF1F587D1300807AAE /* Esfera.swift in Sources */ = {isa = PBXBuildFile; fileRef = 8C4A3EEE1F587D1300807AAE /* Esfera.swift */; };
		8C4A3EF11F587D1D00807AAE /* Prisma.swift in Sources */ = {isa = PBXBuildFile; fileRef = 8C4A3EF01F587D1D00807AAE /* Prisma.swift */; };
/* End PBXBuildFile section */

/* Begin PBXContainerItemProxy section */
		8C4A3ECE1F58753C00807AAE /* PBXContainerItemProxy */ = {
			isa = PBXContainerItemProxy;
			containerPortal = 8C4A3EB11F58753B00807AAE /* Project object */;
			proxyType = 1;
			remoteGlobalIDString = 8C4A3EB81F58753B00807AAE;
			remoteInfo = cuerposGeometricos;
		};
		8C4A3ED91F58753C00807AAE /* PBXContainerItemProxy */ = {
			isa = PBXContainerItemProxy;
			containerPortal = 8C4A3EB11F58753B00807AAE /* Project object */;
			proxyType = 1;
			remoteGlobalIDString = 8C4A3EB81F58753B00807AAE;
			remoteInfo = cuerposGeometricos;
		};
/* End PBXContainerItemProxy section */

/* Begin PBXFileReference section */
		8C4A3EB91F58753B00807AAE /* cuerposGeometricos.app */ = {isa = PBXFileReference; explicitFileType = wrapper.application; includeInIndex = 0; path = cuerposGeometricos.app; sourceTree = BUILT_PRODUCTS_DIR; };
		8C4A3EBC1F58753B00807AAE /* AppDelegate.swift */ = {isa = PBXFileReference; lastKnownFileType = sourcecode.swift; path = AppDelegate.swift; sourceTree = "<group>"; };
		8C4A3EBE1F58753B00807AAE /* ViewController.swift */ = {isa = PBXFileReference; lastKnownFileType = sourcecode.swift; path = ViewController.swift; sourceTree = "<group>"; };
		8C4A3EC11F58753B00807AAE /* Base */ = {isa = PBXFileReference; lastKnownFileType = file.storyboard; name = Base; path = Base.lproj/Main.storyboard; sourceTree = "<group>"; };
		8C4A3EC31F58753C00807AAE /* Assets.xcassets */ = {isa = PBXFileReference; lastKnownFileType = folder.assetcatalog; path = Assets.xcassets; sourceTree = "<group>"; };
		8C4A3EC61F58753C00807AAE /* Base */ = {isa = PBXFileReference; lastKnownFileType = file.storyboard; name = Base; path = Base.lproj/LaunchScreen.storyboard; sourceTree = "<group>"; };
		8C4A3EC81F58753C00807AAE /* Info.plist */ = {isa = PBXFileReference; lastKnownFileType = text.plist.xml; path = Info.plist; sourceTree = "<group>"; };
		8C4A3ECD1F58753C00807AAE /* cuerposGeometricosTests.xctest */ = {isa = PBXFileReference; explicitFileType = wrapper.cfbundle; includeInIndex = 0; path = cuerposGeometricosTests.xctest; sourceTree = BUILT_PRODUCTS_DIR; };
		8C4A3ED11F58753C00807AAE /* cuerposGeometricosTests.swift */ = {isa = PBXFileReference; lastKnownFileType = sourcecode.swift; path = cuerposGeometricosTests.swift; sourceTree = "<group>"; };
		8C4A3ED31F58753C00807AAE /* Info.plist */ = {isa = PBXFileReference; lastKnownFileType = text.plist.xml; path = Info.plist; sourceTree = "<group>"; };
		8C4A3ED81F58753C00807AAE /* cuerposGeometricosUITests.xctest */ = {isa = PBXFileReference; explicitFileType = wrapper.cfbundle; includeInIndex = 0; path = cuerposGeometricosUITests.xctest; sourceTree = BUILT_PRODUCTS_DIR; };
		8C4A3EDC1F58753C00807AAE /* cuerposGeometricosUITests.swift */ = {isa = PBXFileReference; lastKnownFileType = sourcecode.swift; path = cuerposGeometricosUITests.swift; sourceTree = "<group>"; };
		8C4A3EDE1F58753C00807AAE /* Info.plist */ = {isa = PBXFileReference; lastKnownFileType = text.plist.xml; path = Info.plist; sourceTree = "<group>"; };
		8C4A3EEE1F587D1300807AAE /* Esfera.swift */ = {isa = PBXFileReference; fileEncoding = 4; lastKnownFileType = sourcecode.swift; name = Esfera.swift; path = ../Esfera.swift; sourceTree = "<group>"; };
		8C4A3EF01F587D1D00807AAE /* Prisma.swift */ = {isa = PBXFileReference; fileEncoding = 4; lastKnownFileType = sourcecode.swift; name = Prisma.swift; path = ../Prisma.swift; sourceTree = "<group>"; };
/* End PBXFileReference section */

/* Begin PBXFrameworksBuildPhase section */
		8C4A3EB61F58753B00807AAE /* Frameworks */ = {
			isa = PBXFrameworksBuildPhase;
			buildActionMask = 2147483647;
			files = (
			);
			runOnlyForDeploymentPostprocessing = 0;
		};
		8C4A3ECA1F58753C00807AAE /* Frameworks */ = {
			isa = PBXFrameworksBuildPhase;
			buildActionMask = 2147483647;
			files = (
			);
			runOnlyForDeploymentPostprocessing = 0;
		};
		8C4A3ED51F58753C00807AAE /* Frameworks */ = {
			isa = PBXFrameworksBuildPhase;
			buildActionMask = 2147483647;
			files = (
			);
			runOnlyForDeploymentPostprocessing = 0;
		};
/* End PBXFrameworksBuildPhase section */

/* Begin PBXGroup section */
		8C4A3EB01F58753B00807AAE = {
			isa = PBXGroup;
			children = (
				8C4A3EBB1F58753B00807AAE /* cuerposGeometricos */,
				8C4A3ED01F58753C00807AAE /* cuerposGeometricosTests */,
				8C4A3EDB1F58753C00807AAE /* cuerposGeometricosUITests */,
				8C4A3EBA1F58753B00807AAE /* Products */,
			);
			sourceTree = "<group>";
		};
		8C4A3EBA1F58753B00807AAE /* Products */ = {
			isa = PBXGroup;
			children = (
				8C4A3EB91F58753B00807AAE /* cuerposGeometricos.app */,
				8C4A3ECD1F58753C00807AAE /* cuerposGeometricosTests.xctest */,
				8C4A3ED81F58753C00807AAE /* cuerposGeometricosUITests.xctest */,
			);
			name = Products;
			sourceTree = "<group>";
		};
		8C4A3EBB1F58753B00807AAE /* cuerposGeometricos */ = {
			isa = PBXGroup;
			children = (
				8C4A3EBC1F58753B00807AAE /* AppDelegate.swift */,
				8C4A3EF01F587D1D00807AAE /* Prisma.swift */,
				8C4A3EBE1F58753B00807AAE /* ViewController.swift */,
				8C4A3EEE1F587D1300807AAE /* Esfera.swift */,
				8C4A3EC01F58753B00807AAE /* Main.storyboard */,
				8C4A3EC31F58753C00807AAE /* Assets.xcassets */,
				8C4A3EC51F58753C00807AAE /* LaunchScreen.storyboard */,
				8C4A3EC81F58753C00807AAE /* Info.plist */,
			);
			path = cuerposGeometricos;
			sourceTree = "<group>";
		};
		8C4A3ED01F58753C00807AAE /* cuerposGeometricosTests */ = {
			isa = PBXGroup;
			children = (
				8C4A3ED11F58753C00807AAE /* cuerposGeometricosTests.swift */,
				8C4A3ED31F58753C00807AAE /* Info.plist */,
			);
			path = cuerposGeometricosTests;
			sourceTree = "<group>";
		};
		8C4A3EDB1F58753C00807AAE /* cuerposGeometricosUITests */ = {
			isa = PBXGroup;
			children = (
				8C4A3EDC1F58753C00807AAE /* cuerposGeometricosUITests.swift */,
				8C4A3EDE1F58753C00807AAE /* Info.plist */,
			);
			path = cuerposGeometricosUITests;
			sourceTree = "<group>";
		};
/* End PBXGroup section */

/* Begin PBXNativeTarget section */
		8C4A3EB81F58753B00807AAE /* cuerposGeometricos */ = {
			isa = PBXNativeTarget;
			buildConfigurationList = 8C4A3EE11F58753C00807AAE /* Build configuration list for PBXNativeTarget "cuerposGeometricos" */;
			buildPhases = (
				8C4A3EB51F58753B00807AAE /* Sources */,
				8C4A3EB61F58753B00807AAE /* Frameworks */,
				8C4A3EB71F58753B00807AAE /* Resources */,
			);
			buildRules = (
			);
			dependencies = (
			);
			name = cuerposGeometricos;
			productName = cuerposGeometricos;
			productReference = 8C4A3EB91F58753B00807AAE /* cuerposGeometricos.app */;
			productType = "com.apple.product-type.application";
		};
		8C4A3ECC1F58753C00807AAE /* cuerposGeometricosTests */ = {
			isa = PBXNativeTarget;
			buildConfigurationList = 8C4A3EE41F58753C00807AAE /* Build configuration list for PBXNativeTarget "cuerposGeometricosTests" */;
			buildPhases = (
				8C4A3EC91F58753C00807AAE /* Sources */,
				8C4A3ECA1F58753C00807AAE /* Frameworks */,
				8C4A3ECB1F58753C00807AAE /* Resources */,
			);
			buildRules = (
			);
			dependencies = (
				8C4A3ECF1F58753C00807AAE /* PBXTargetDependency */,
			);
			name = cuerposGeometricosTests;
			productName = cuerposGeometricosTests;
			productReference = 8C4A3ECD1F58753C00807AAE /* cuerposGeometricosTests.xctest */;
			productType = "com.apple.product-type.bundle.unit-test";
		};
		8C4A3ED71F58753C00807AAE /* cuerposGeometricosUITests */ = {
			isa = PBXNativeTarget;
			buildConfigurationList = 8C4A3EE71F58753C00807AAE /* Build configuration list for PBXNativeTarget "cuerposGeometricosUITests" */;
			buildPhases = (
				8C4A3ED41F58753C00807AAE /* Sources */,
				8C4A3ED51F58753C00807AAE /* Frameworks */,
				8C4A3ED61F58753C00807AAE /* Resources */,
			);
			buildRules = (
			);
			dependencies = (
				8C4A3EDA1F58753C00807AAE /* PBXTargetDependency */,
			);
			name = cuerposGeometricosUITests;
			productName = cuerposGeometricosUITests;
			productReference = 8C4A3ED81F58753C00807AAE /* cuerposGeometricosUITests.xctest */;
			productType = "com.apple.product-type.bundle.ui-testing";
		};
/* End PBXNativeTarget section */

/* Begin PBXProject section */
		8C4A3EB11F58753B00807AAE /* Project object */ = {
			isa = PBXProject;
			attributes = {
				LastSwiftUpdateCheck = 0830;
				LastUpgradeCheck = 0830;
				ORGANIZATIONNAME = "Ricardo Licea";
				TargetAttributes = {
					8C4A3EB81F58753B00807AAE = {
						CreatedOnToolsVersion = 8.3.3;
						ProvisioningStyle = Automatic;
					};
					8C4A3ECC1F58753C00807AAE = {
						CreatedOnToolsVersion = 8.3.3;
						ProvisioningStyle = Automatic;
						TestTargetID = 8C4A3EB81F58753B00807AAE;
					};
					8C4A3ED71F58753C00807AAE = {
						CreatedOnToolsVersion = 8.3.3;
						ProvisioningStyle = Automatic;
						TestTargetID = 8C4A3EB81F58753B00807AAE;
					};
				};
			};
			buildConfigurationList = 8C4A3EB41F58753B00807AAE /* Build configuration list for PBXProject "cuerposGeometricos" */;
			compatibilityVersion = "Xcode 3.2";
			developmentRegion = English;
			hasScannedForEncodings = 0;
			knownRegions = (
				en,
				Base,
			);
			mainGroup = 8C4A3EB01F58753B00807AAE;
			productRefGroup = 8C4A3EBA1F58753B00807AAE /* Products */;
			projectDirPath = "";
			projectRoot = "";
			targets = (
				8C4A3EB81F58753B00807AAE /* cuerposGeometricos */,
				8C4A3ECC1F58753C00807AAE /* cuerposGeometricosTests */,
				8C4A3ED71F58753C00807AAE /* cuerposGeometricosUITests */,
			);
		};
/* End PBXProject section */

/* Begin PBXResourcesBuildPhase section */
		8C4A3EB71F58753B00807AAE /* Resources */ = {
			isa = PBXResourcesBuildPhase;
			buildActionMask = 2147483647;
			files = (
				8C4A3EC71F58753C00807AAE /* LaunchScreen.storyboard in Resources */,
				8C4A3EC41F58753C00807AAE /* Assets.xcassets in Resources */,
				8C4A3EC21F58753B00807AAE /* Main.storyboard in Resources */,
			);
			runOnlyForDeploymentPostprocessing = 0;
		};
		8C4A3ECB1F58753C00807AAE /* Resources */ = {
			isa = PBXResourcesBuildPhase;
			buildActionMask = 2147483647;
			files = (
			);
			runOnlyForDeploymentPostprocessing = 0;
		};
		8C4A3ED61F58753C00807AAE /* Resources */ = {
			isa = PBXResourcesBuildPhase;
			buildActionMask = 2147483647;
			files = (
			);
			runOnlyForDeploymentPostprocessing = 0;
		};
/* End PBXResourcesBuildPhase section */

/* Begin PBXSourcesBuildPhase section */
		8C4A3EB51F58753B00807AAE /* Sources */ = {
			isa = PBXSourcesBuildPhase;
			buildActionMask = 2147483647;
			files = (
				8C4A3EEF1F587D1300807AAE /* Esfera.swift in Sources */,
				8C4A3EBF1F58753B00807AAE /* ViewController.swift in Sources */,
				8C4A3EBD1F58753B00807AAE /* AppDelegate.swift in Sources */,
				8C4A3EF11F587D1D00807AAE /* Prisma.swift in Sources */,
			);
			runOnlyForDeploymentPostprocessing = 0;
		};
		8C4A3EC91F58753C00807AAE /* Sources */ = {
			isa = PBXSourcesBuildPhase;
			buildActionMask = 2147483647;
			files = (
				8C4A3ED21F58753C00807AAE /* cuerposGeometricosTests.swift in Sources */,
			);
			runOnlyForDeploymentPostprocessing = 0;
		};
		8C4A3ED41F58753C00807AAE /* Sources */ = {
			isa = PBXSourcesBuildPhase;
			buildActionMask = 2147483647;
			files = (
				8C4A3EDD1F58753C00807AAE /* cuerposGeometricosUITests.swift in Sources */,
			);
			runOnlyForDeploymentPostprocessing = 0;
		};
/* End PBXSourcesBuildPhase section */

/* Begin PBXTargetDependency section */
		8C4A3ECF1F58753C00807AAE /* PBXTargetDependency */ = {
			isa = PBXTargetDependency;
			target = 8C4A3EB81F58753B00807AAE /* cuerposGeometricos */;
			targetProxy = 8C4A3ECE1F58753C00807AAE /* PBXContainerItemProxy */;
		};
		8C4A3EDA1F58753C00807AAE /* PBXTargetDependency */ = {
			isa = PBXTargetDependency;
			target = 8C4A3EB81F58753B00807AAE /* cuerposGeometricos */;
			targetProxy = 8C4A3ED91F58753C00807AAE /* PBXContainerItemProxy */;
		};
/* End PBXTargetDependency section */

/* Begin PBXVariantGroup section */
		8C4A3EC01F58753B00807AAE /* Main.storyboard */ = {
			isa = PBXVariantGroup;
			children = (
				8C4A3EC11F58753B00807AAE /* Base */,
			);
			name = Main.storyboard;
			sourceTree = "<group>";
		};
		8C4A3EC51F58753C00807AAE /* LaunchScreen.storyboard */ = {
			isa = PBXVariantGroup;
			children = (
				8C4A3EC61F58753C00807AAE /* Base */,
			);
			name = LaunchScreen.storyboard;
			sourceTree = "<group>";
		};
/* End PBXVariantGroup section */

/* Begin XCBuildConfiguration section */
		8C4A3EDF1F58753C00807AAE /* Debug */ = {
			isa = XCBuildConfiguration;
			buildSettings = {
				ALWAYS_SEARCH_USER_PATHS = NO;
				CLANG_ANALYZER_NONNULL = YES;
				CLANG_ANALYZER_NUMBER_OBJECT_CONVERSION = YES_AGGRESSIVE;
				CLANG_CXX_LANGUAGE_STANDARD = "gnu++0x";
				CLANG_CXX_LIBRARY = "libc++";
				CLANG_ENABLE_MODULES = YES;
				CLANG_ENABLE_OBJC_ARC = YES;
				CLANG_WARN_BOOL_CONVERSION = YES;
				CLANG_WARN_CONSTANT_CONVERSION = YES;
				CLANG_WARN_DIRECT_OBJC_ISA_USAGE = YES_ERROR;
				CLANG_WARN_DOCUMENTATION_COMMENTS = YES;
				CLANG_WARN_EMPTY_BODY = YES;
				CLANG_WARN_ENUM_CONVERSION = YES;
				CLANG_WARN_INFINITE_RECURSION = YES;
				CLANG_WARN_INT_CONVERSION = YES;
				CLANG_WARN_OBJC_ROOT_CLASS = YES_ERROR;
				CLANG_WARN_SUSPICIOUS_MOVE = YES;
				CLANG_WARN_UNREACHABLE_CODE = YES;
				CLANG_WARN__DUPLICATE_METHOD_MATCH = YES;
				"CODE_SIGN_IDENTITY[sdk=iphoneos*]" = "iPhone Developer";
				COPY_PHASE_STRIP = NO;
				DEBUG_INFORMATION_FORMAT = dwarf;
				ENABLE_STRICT_OBJC_MSGSEND = YES;
				ENABLE_TESTABILITY = YES;
				GCC_C_LANGUAGE_STANDARD = gnu99;
				GCC_DYNAMIC_NO_PIC = NO;
				GCC_NO_COMMON_BLOCKS = YES;
				GCC_OPTIMIZATION_LEVEL = 0;
				GCC_PREPROCESSOR_DEFINITIONS = (
					"DEBUG=1",
					"$(inherited)",
				);
				GCC_WARN_64_TO_32_BIT_CONVERSION = YES;
				GCC_WARN_ABOUT_RETURN_TYPE = YES_ERROR;
				GCC_WARN_UNDECLARED_SELECTOR = YES;
				GCC_WARN_UNINITIALIZED_AUTOS = YES_AGGRESSIVE;
				GCC_WARN_UNUSED_FUNCTION = YES;
				GCC_WARN_UNUSED_VARIABLE = YES;
				IPHONEOS_DEPLOYMENT_TARGET = 10.3;
				MTL_ENABLE_DEBUG_INFO = YES;
				ONLY_ACTIVE_ARCH = YES;
				SDKROOT = iphoneos;
				SWIFT_ACTIVE_COMPILATION_CONDITIONS = DEBUG;
				SWIFT_OPTIMIZATION_LEVEL = "-Onone";
				TARGETED_DEVICE_FAMILY = "1,2";
			};
			name = Debug;
		};
		8C4A3EE01F58753C00807AAE /* Release */ = {
			isa = XCBuildConfiguration;
			buildSettings = {
				ALWAYS_SEARCH_USER_PATHS = NO;
				CLANG_ANALYZER_NONNULL = YES;
				CLANG_ANALYZER_NUMBER_OBJECT_CONVERSION = YES_AGGRESSIVE;
				CLANG_CXX_LANGUAGE_STANDARD = "gnu++0x";
				CLANG_CXX_LIBRARY = "libc++";
				CLANG_ENABLE_MODULES = YES;
				CLANG_ENABLE_OBJC_ARC = YES;
				CLANG_WARN_BOOL_CONVERSION = YES;
				CLANG_WARN_CONSTANT_CONVERSION = YES;
				CLANG_WARN_DIRECT_OBJC_ISA_USAGE = YES_ERROR;
				CLANG_WARN_DOCUMENTATION_COMMENTS = YES;
				CLANG_WARN_EMPTY_BODY = YES;
				CLANG_WARN_ENUM_CONVERSION = YES;
				CLANG_WARN_INFINITE_RECURSION = YES;
				CLANG_WARN_INT_CONVERSION = YES;
				CLANG_WARN_OBJC_ROOT_CLASS = YES_ERROR;
				CLANG_WARN_SUSPICIOUS_MOVE = YES;
				CLANG_WARN_UNREACHABLE_CODE = YES;
				CLANG_WARN__DUPLICATE_METHOD_MATCH = YES;
				"CODE_SIGN_IDENTITY[sdk=iphoneos*]" = "iPhone Developer";
				COPY_PHASE_STRIP = NO;
				DEBUG_INFORMATION_FORMAT = "dwarf-with-dsym";
				ENABLE_NS_ASSERTIONS = NO;
				ENABLE_STRICT_OBJC_MSGSEND = YES;
				GCC_C_LANGUAGE_STANDARD = gnu99;
				GCC_NO_COMMON_BLOCKS = YES;
				GCC_WARN_64_TO_32_BIT_CONVERSION = YES;
				GCC_WARN_ABOUT_RETURN_TYPE = YES_ERROR;
				GCC_WARN_UNDECLARED_SELECTOR = YES;
				GCC_WARN_UNINITIALIZED_AUTOS = YES_AGGRESSIVE;
				GCC_WARN_UNUSED_FUNCTION = YES;
				GCC_WARN_UNUSED_VARIABLE = YES;
				IPHONEOS_DEPLOYMENT_TARGET = 10.3;
				MTL_ENABLE_DEBUG_INFO = NO;
				SDKROOT = iphoneos;
				SWIFT_OPTIMIZATION_LEVEL = "-Owholemodule";
				TARGETED_DEVICE_FAMILY = "1,2";
				VALIDATE_PRODUCT = YES;
			};
			name = Release;
		};
		8C4A3EE21F58753C00807AAE /* Debug */ = {
			isa = XCBuildConfiguration;
			buildSettings = {
				ASSETCATALOG_COMPILER_APPICON_NAME = AppIcon;
				INFOPLIST_FILE = cuerposGeometricos/Info.plist;
				LD_RUNPATH_SEARCH_PATHS = "$(inherited) @executable_path/Frameworks";
				PRODUCT_BUNDLE_IDENTIFIER = "Ricardo-Licea-Mata.cuerposGeometricos";
				PRODUCT_NAME = "$(TARGET_NAME)";
				SWIFT_VERSION = 3.0;
			};
			name = Debug;
		};
		8C4A3EE31F58753C00807AAE /* Release */ = {
			isa = XCBuildConfiguration;
			buildSettings = {
				ASSETCATALOG_COMPILER_APPICON_NAME = AppIcon;
				INFOPLIST_FILE = cuerposGeometricos/Info.plist;
				LD_RUNPATH_SEARCH_PATHS = "$(inherited) @executable_path/Frameworks";
				PRODUCT_BUNDLE_IDENTIFIER = "Ricardo-Licea-Mata.cuerposGeometricos";
				PRODUCT_NAME = "$(TARGET_NAME)";
				SWIFT_VERSION = 3.0;
			};
			name = Release;
		};
		8C4A3EE51F58753C00807AAE /* Debug */ = {
			isa = XCBuildConfiguration;
			buildSettings = {
				ALWAYS_EMBED_SWIFT_STANDARD_LIBRARIES = YES;
				BUNDLE_LOADER = "$(TEST_HOST)";
				INFOPLIST_FILE = cuerposGeometricosTests/Info.plist;
				LD_RUNPATH_SEARCH_PATHS = "$(inherited) @executable_path/Frameworks @loader_path/Frameworks";
				PRODUCT_BUNDLE_IDENTIFIER = "Ricardo-Licea-Mata.cuerposGeometricosTests";
				PRODUCT_NAME = "$(TARGET_NAME)";
				SWIFT_VERSION = 3.0;
				TEST_HOST = "$(BUILT_PRODUCTS_DIR)/cuerposGeometricos.app/cuerposGeometricos";
			};
			name = Debug;
		};
		8C4A3EE61F58753C00807AAE /* Release */ = {
			isa = XCBuildConfiguration;
			buildSettings = {
				ALWAYS_EMBED_SWIFT_STANDARD_LIBRARIES = YES;
				BUNDLE_LOADER = "$(TEST_HOST)";
				INFOPLIST_FILE = cuerposGeometricosTests/Info.plist;
				LD_RUNPATH_SEARCH_PATHS = "$(inherited) @executable_path/Frameworks @loader_path/Frameworks";
				PRODUCT_BUNDLE_IDENTIFIER = "Ricardo-Licea-Mata.cuerposGeometricosTests";
				PRODUCT_NAME = "$(TARGET_NAME)";
				SWIFT_VERSION = 3.0;
				TEST_HOST = "$(BUILT_PRODUCTS_DIR)/cuerposGeometricos.app/cuerposGeometricos";
			};
			name = Release;
		};
		8C4A3EE81F58753C00807AAE /* Debug */ = {
			isa = XCBuildConfiguration;
			buildSettings = {
				ALWAYS_EMBED_SWIFT_STANDARD_LIBRARIES = YES;
				INFOPLIST_FILE = cuerposGeometricosUITests/Info.plist;
				LD_RUNPATH_SEARCH_PATHS = "$(inherited) @executable_path/Frameworks @loader_path/Frameworks";
				PRODUCT_BUNDLE_IDENTIFIER = "Ricardo-Licea-Mata.cuerposGeometricosUITests";
				PRODUCT_NAME = "$(TARGET_NAME)";
				SWIFT_VERSION = 3.0;
				TEST_TARGET_NAME = cuerposGeometricos;
			};
			name = Debug;
		};
		8C4A3EE91F58753C00807AAE /* Release */ = {
			isa = XCBuildConfiguration;
			buildSettings = {
				ALWAYS_EMBED_SWIFT_STANDARD_LIBRARIES = YES;
				INFOPLIST_FILE = cuerposGeometricosUITests/Info.plist;
				LD_RUNPATH_SEARCH_PATHS = "$(inherited) @executable_path/Frameworks @loader_path/Frameworks";
				PRODUCT_BUNDLE_IDENTIFIER = "Ricardo-Licea-Mata.cuerposGeometricosUITests";
				PRODUCT_NAME = "$(TARGET_NAME)";
				SWIFT_VERSION = 3.0;
				TEST_TARGET_NAME = cuerposGeometricos;
			};
			name = Release;
		};
/* End XCBuildConfiguration section */

/* Begin XCConfigurationList section */
		8C4A3EB41F58753B00807AAE /* Build configuration list for PBXProject "cuerposGeometricos" */ = {
			isa = XCConfigurationList;
			buildConfigurations = (
				8C4A3EDF1F58753C00807AAE /* Debug */,
				8C4A3EE01F58753C00807AAE /* Release */,
			);
			defaultConfigurationIsVisible = 0;
			defaultConfigurationName = Release;
		};
		8C4A3EE11F58753C00807AAE /* Build configuration list for PBXNativeTarget "cuerposGeometricos" */ = {
			isa = XCConfigurationList;
			buildConfigurations = (
				8C4A3EE21F58753C00807AAE /* Debug */,
				8C4A3EE31F58753C00807AAE /* Release */,
			);
			defaultConfigurationIsVisible = 0;
		};
		8C4A3EE41F58753C00807AAE /* Build configuration list for PBXNativeTarget "cuerposGeometricosTests" */ = {
			isa = XCConfigurationList;
			buildConfigurations = (
				8C4A3EE51F58753C00807AAE /* Debug */,
				8C4A3EE61F58753C00807AAE /* Release */,
			);
			defaultConfigurationIsVisible = 0;
		};
		8C4A3EE71F58753C00807AAE /* Build configuration list for PBXNativeTarget "cuerposGeometricosUITests" */ = {
			isa = XCConfigurationList;
			buildConfigurations = (
				8C4A3EE81F58753C00807AAE /* Debug */,
				8C4A3EE91F58753C00807AAE /* Release */,
			);
			defaultConfigurationIsVisible = 0;
		};
/* End XCConfigurationList section */
	};
	rootObject = 8C4A3EB11F58753B00807AAE /* Project object */;
}
