// !$*UTF8*$!
{
	archiveVersion = 1;
	classes = {
	};
	objectVersion = 46;
	objects = {

/* Begin PBXBuildFile section */
		8C1B63001F434F7800FD6C52 /* AppDelegate.swift in Sources */ = {isa = PBXBuildFile; fileRef = 8C1B62FF1F434F7800FD6C52 /* AppDelegate.swift */; };
		8C1B63021F434F7800FD6C52 /* ViewController.swift in Sources */ = {isa = PBXBuildFile; fileRef = 8C1B63011F434F7800FD6C52 /* ViewController.swift */; };
		8C1B63051F434F7800FD6C52 /* Main.storyboard in Resources */ = {isa = PBXBuildFile; fileRef = 8C1B63031F434F7800FD6C52 /* Main.storyboard */; };
		8C1B63071F434F7800FD6C52 /* Assets.xcassets in Resources */ = {isa = PBXBuildFile; fileRef = 8C1B63061F434F7800FD6C52 /* Assets.xcassets */; };
		8C1B630A1F434F7800FD6C52 /* LaunchScreen.storyboard in Resources */ = {isa = PBXBuildFile; fileRef = 8C1B63081F434F7800FD6C52 /* LaunchScreen.storyboard */; };
		8C1B63151F434F7800FD6C52 /* tarea01_triangulosTests.swift in Sources */ = {isa = PBXBuildFile; fileRef = 8C1B63141F434F7800FD6C52 /* tarea01_triangulosTests.swift */; };
		8C1B63201F434F7800FD6C52 /* tarea01_triangulosUITests.swift in Sources */ = {isa = PBXBuildFile; fileRef = 8C1B631F1F434F7800FD6C52 /* tarea01_triangulosUITests.swift */; };
/* End PBXBuildFile section */

/* Begin PBXContainerItemProxy section */
		8C1B63111F434F7800FD6C52 /* PBXContainerItemProxy */ = {
			isa = PBXContainerItemProxy;
			containerPortal = 8C1B62F41F434F7700FD6C52 /* Project object */;
			proxyType = 1;
			remoteGlobalIDString = 8C1B62FB1F434F7700FD6C52;
			remoteInfo = "tarea01-triangulos";
		};
		8C1B631C1F434F7800FD6C52 /* PBXContainerItemProxy */ = {
			isa = PBXContainerItemProxy;
			containerPortal = 8C1B62F41F434F7700FD6C52 /* Project object */;
			proxyType = 1;
			remoteGlobalIDString = 8C1B62FB1F434F7700FD6C52;
			remoteInfo = "tarea01-triangulos";
		};
/* End PBXContainerItemProxy section */

/* Begin PBXFileReference section */
		8C1B62FC1F434F7700FD6C52 /* tarea01-triangulos.app */ = {isa = PBXFileReference; explicitFileType = wrapper.application; includeInIndex = 0; path = "tarea01-triangulos.app"; sourceTree = BUILT_PRODUCTS_DIR; };
		8C1B62FF1F434F7800FD6C52 /* AppDelegate.swift */ = {isa = PBXFileReference; lastKnownFileType = sourcecode.swift; path = AppDelegate.swift; sourceTree = "<group>"; };
		8C1B63011F434F7800FD6C52 /* ViewController.swift */ = {isa = PBXFileReference; lastKnownFileType = sourcecode.swift; path = ViewController.swift; sourceTree = "<group>"; };
		8C1B63041F434F7800FD6C52 /* Base */ = {isa = PBXFileReference; lastKnownFileType = file.storyboard; name = Base; path = Base.lproj/Main.storyboard; sourceTree = "<group>"; };
		8C1B63061F434F7800FD6C52 /* Assets.xcassets */ = {isa = PBXFileReference; lastKnownFileType = folder.assetcatalog; path = Assets.xcassets; sourceTree = "<group>"; };
		8C1B63091F434F7800FD6C52 /* Base */ = {isa = PBXFileReference; lastKnownFileType = file.storyboard; name = Base; path = Base.lproj/LaunchScreen.storyboard; sourceTree = "<group>"; };
		8C1B630B1F434F7800FD6C52 /* Info.plist */ = {isa = PBXFileReference; lastKnownFileType = text.plist.xml; path = Info.plist; sourceTree = "<group>"; };
		8C1B63101F434F7800FD6C52 /* tarea01-triangulosTests.xctest */ = {isa = PBXFileReference; explicitFileType = wrapper.cfbundle; includeInIndex = 0; path = "tarea01-triangulosTests.xctest"; sourceTree = BUILT_PRODUCTS_DIR; };
		8C1B63141F434F7800FD6C52 /* tarea01_triangulosTests.swift */ = {isa = PBXFileReference; lastKnownFileType = sourcecode.swift; path = tarea01_triangulosTests.swift; sourceTree = "<group>"; };
		8C1B63161F434F7800FD6C52 /* Info.plist */ = {isa = PBXFileReference; lastKnownFileType = text.plist.xml; path = Info.plist; sourceTree = "<group>"; };
		8C1B631B1F434F7800FD6C52 /* tarea01-triangulosUITests.xctest */ = {isa = PBXFileReference; explicitFileType = wrapper.cfbundle; includeInIndex = 0; path = "tarea01-triangulosUITests.xctest"; sourceTree = BUILT_PRODUCTS_DIR; };
		8C1B631F1F434F7800FD6C52 /* tarea01_triangulosUITests.swift */ = {isa = PBXFileReference; lastKnownFileType = sourcecode.swift; path = tarea01_triangulosUITests.swift; sourceTree = "<group>"; };
		8C1B63211F434F7800FD6C52 /* Info.plist */ = {isa = PBXFileReference; lastKnownFileType = text.plist.xml; path = Info.plist; sourceTree = "<group>"; };
/* End PBXFileReference section */

/* Begin PBXFrameworksBuildPhase section */
		8C1B62F91F434F7700FD6C52 /* Frameworks */ = {
			isa = PBXFrameworksBuildPhase;
			buildActionMask = 2147483647;
			files = (
			);
			runOnlyForDeploymentPostprocessing = 0;
		};
		8C1B630D1F434F7800FD6C52 /* Frameworks */ = {
			isa = PBXFrameworksBuildPhase;
			buildActionMask = 2147483647;
			files = (
			);
			runOnlyForDeploymentPostprocessing = 0;
		};
		8C1B63181F434F7800FD6C52 /* Frameworks */ = {
			isa = PBXFrameworksBuildPhase;
			buildActionMask = 2147483647;
			files = (
			);
			runOnlyForDeploymentPostprocessing = 0;
		};
/* End PBXFrameworksBuildPhase section */

/* Begin PBXGroup section */
		8C1B62F31F434F7700FD6C52 = {
			isa = PBXGroup;
			children = (
				8C1B62FE1F434F7700FD6C52 /* tarea01-triangulos */,
				8C1B63131F434F7800FD6C52 /* tarea01-triangulosTests */,
				8C1B631E1F434F7800FD6C52 /* tarea01-triangulosUITests */,
				8C1B62FD1F434F7700FD6C52 /* Products */,
			);
			sourceTree = "<group>";
		};
		8C1B62FD1F434F7700FD6C52 /* Products */ = {
			isa = PBXGroup;
			children = (
				8C1B62FC1F434F7700FD6C52 /* tarea01-triangulos.app */,
				8C1B63101F434F7800FD6C52 /* tarea01-triangulosTests.xctest */,
				8C1B631B1F434F7800FD6C52 /* tarea01-triangulosUITests.xctest */,
			);
			name = Products;
			sourceTree = "<group>";
		};
		8C1B62FE1F434F7700FD6C52 /* tarea01-triangulos */ = {
			isa = PBXGroup;
			children = (
				8C1B62FF1F434F7800FD6C52 /* AppDelegate.swift */,
				8C1B63011F434F7800FD6C52 /* ViewController.swift */,
				8C1B63031F434F7800FD6C52 /* Main.storyboard */,
				8C1B63061F434F7800FD6C52 /* Assets.xcassets */,
				8C1B63081F434F7800FD6C52 /* LaunchScreen.storyboard */,
				8C1B630B1F434F7800FD6C52 /* Info.plist */,
			);
			path = "tarea01-triangulos";
			sourceTree = "<group>";
		};
		8C1B63131F434F7800FD6C52 /* tarea01-triangulosTests */ = {
			isa = PBXGroup;
			children = (
				8C1B63141F434F7800FD6C52 /* tarea01_triangulosTests.swift */,
				8C1B63161F434F7800FD6C52 /* Info.plist */,
			);
			path = "tarea01-triangulosTests";
			sourceTree = "<group>";
		};
		8C1B631E1F434F7800FD6C52 /* tarea01-triangulosUITests */ = {
			isa = PBXGroup;
			children = (
				8C1B631F1F434F7800FD6C52 /* tarea01_triangulosUITests.swift */,
				8C1B63211F434F7800FD6C52 /* Info.plist */,
			);
			path = "tarea01-triangulosUITests";
			sourceTree = "<group>";
		};
/* End PBXGroup section */

/* Begin PBXNativeTarget section */
		8C1B62FB1F434F7700FD6C52 /* tarea01-triangulos */ = {
			isa = PBXNativeTarget;
			buildConfigurationList = 8C1B63241F434F7800FD6C52 /* Build configuration list for PBXNativeTarget "tarea01-triangulos" */;
			buildPhases = (
				8C1B62F81F434F7700FD6C52 /* Sources */,
				8C1B62F91F434F7700FD6C52 /* Frameworks */,
				8C1B62FA1F434F7700FD6C52 /* Resources */,
			);
			buildRules = (
			);
			dependencies = (
			);
			name = "tarea01-triangulos";
			productName = "tarea01-triangulos";
			productReference = 8C1B62FC1F434F7700FD6C52 /* tarea01-triangulos.app */;
			productType = "com.apple.product-type.application";
		};
		8C1B630F1F434F7800FD6C52 /* tarea01-triangulosTests */ = {
			isa = PBXNativeTarget;
			buildConfigurationList = 8C1B63271F434F7800FD6C52 /* Build configuration list for PBXNativeTarget "tarea01-triangulosTests" */;
			buildPhases = (
				8C1B630C1F434F7800FD6C52 /* Sources */,
				8C1B630D1F434F7800FD6C52 /* Frameworks */,
				8C1B630E1F434F7800FD6C52 /* Resources */,
			);
			buildRules = (
			);
			dependencies = (
				8C1B63121F434F7800FD6C52 /* PBXTargetDependency */,
			);
			name = "tarea01-triangulosTests";
			productName = "tarea01-triangulosTests";
			productReference = 8C1B63101F434F7800FD6C52 /* tarea01-triangulosTests.xctest */;
			productType = "com.apple.product-type.bundle.unit-test";
		};
		8C1B631A1F434F7800FD6C52 /* tarea01-triangulosUITests */ = {
			isa = PBXNativeTarget;
			buildConfigurationList = 8C1B632A1F434F7800FD6C52 /* Build configuration list for PBXNativeTarget "tarea01-triangulosUITests" */;
			buildPhases = (
				8C1B63171F434F7800FD6C52 /* Sources */,
				8C1B63181F434F7800FD6C52 /* Frameworks */,
				8C1B63191F434F7800FD6C52 /* Resources */,
			);
			buildRules = (
			);
			dependencies = (
				8C1B631D1F434F7800FD6C52 /* PBXTargetDependency */,
			);
			name = "tarea01-triangulosUITests";
			productName = "tarea01-triangulosUITests";
			productReference = 8C1B631B1F434F7800FD6C52 /* tarea01-triangulosUITests.xctest */;
			productType = "com.apple.product-type.bundle.ui-testing";
		};
/* End PBXNativeTarget section */

/* Begin PBXProject section */
		8C1B62F41F434F7700FD6C52 /* Project object */ = {
			isa = PBXProject;
			attributes = {
				LastSwiftUpdateCheck = 0830;
				LastUpgradeCheck = 0830;
				ORGANIZATIONNAME = "Ricardo Licea";
				TargetAttributes = {
					8C1B62FB1F434F7700FD6C52 = {
						CreatedOnToolsVersion = 8.3.3;
						ProvisioningStyle = Automatic;
					};
					8C1B630F1F434F7800FD6C52 = {
						CreatedOnToolsVersion = 8.3.3;
						ProvisioningStyle = Automatic;
						TestTargetID = 8C1B62FB1F434F7700FD6C52;
					};
					8C1B631A1F434F7800FD6C52 = {
						CreatedOnToolsVersion = 8.3.3;
						ProvisioningStyle = Automatic;
						TestTargetID = 8C1B62FB1F434F7700FD6C52;
					};
				};
			};
			buildConfigurationList = 8C1B62F71F434F7700FD6C52 /* Build configuration list for PBXProject "tarea01-triangulos" */;
			compatibilityVersion = "Xcode 3.2";
			developmentRegion = English;
			hasScannedForEncodings = 0;
			knownRegions = (
				en,
				Base,
			);
			mainGroup = 8C1B62F31F434F7700FD6C52;
			productRefGroup = 8C1B62FD1F434F7700FD6C52 /* Products */;
			projectDirPath = "";
			projectRoot = "";
			targets = (
				8C1B62FB1F434F7700FD6C52 /* tarea01-triangulos */,
				8C1B630F1F434F7800FD6C52 /* tarea01-triangulosTests */,
				8C1B631A1F434F7800FD6C52 /* tarea01-triangulosUITests */,
			);
		};
/* End PBXProject section */

/* Begin PBXResourcesBuildPhase section */
		8C1B62FA1F434F7700FD6C52 /* Resources */ = {
			isa = PBXResourcesBuildPhase;
			buildActionMask = 2147483647;
			files = (
				8C1B630A1F434F7800FD6C52 /* LaunchScreen.storyboard in Resources */,
				8C1B63071F434F7800FD6C52 /* Assets.xcassets in Resources */,
				8C1B63051F434F7800FD6C52 /* Main.storyboard in Resources */,
			);
			runOnlyForDeploymentPostprocessing = 0;
		};
		8C1B630E1F434F7800FD6C52 /* Resources */ = {
			isa = PBXResourcesBuildPhase;
			buildActionMask = 2147483647;
			files = (
			);
			runOnlyForDeploymentPostprocessing = 0;
		};
		8C1B63191F434F7800FD6C52 /* Resources */ = {
			isa = PBXResourcesBuildPhase;
			buildActionMask = 2147483647;
			files = (
			);
			runOnlyForDeploymentPostprocessing = 0;
		};
/* End PBXResourcesBuildPhase section */

/* Begin PBXSourcesBuildPhase section */
		8C1B62F81F434F7700FD6C52 /* Sources */ = {
			isa = PBXSourcesBuildPhase;
			buildActionMask = 2147483647;
			files = (
				8C1B63021F434F7800FD6C52 /* ViewController.swift in Sources */,
				8C1B63001F434F7800FD6C52 /* AppDelegate.swift in Sources */,
			);
			runOnlyForDeploymentPostprocessing = 0;
		};
		8C1B630C1F434F7800FD6C52 /* Sources */ = {
			isa = PBXSourcesBuildPhase;
			buildActionMask = 2147483647;
			files = (
				8C1B63151F434F7800FD6C52 /* tarea01_triangulosTests.swift in Sources */,
			);
			runOnlyForDeploymentPostprocessing = 0;
		};
		8C1B63171F434F7800FD6C52 /* Sources */ = {
			isa = PBXSourcesBuildPhase;
			buildActionMask = 2147483647;
			files = (
				8C1B63201F434F7800FD6C52 /* tarea01_triangulosUITests.swift in Sources */,
			);
			runOnlyForDeploymentPostprocessing = 0;
		};
/* End PBXSourcesBuildPhase section */

/* Begin PBXTargetDependency section */
		8C1B63121F434F7800FD6C52 /* PBXTargetDependency */ = {
			isa = PBXTargetDependency;
			target = 8C1B62FB1F434F7700FD6C52 /* tarea01-triangulos */;
			targetProxy = 8C1B63111F434F7800FD6C52 /* PBXContainerItemProxy */;
		};
		8C1B631D1F434F7800FD6C52 /* PBXTargetDependency */ = {
			isa = PBXTargetDependency;
			target = 8C1B62FB1F434F7700FD6C52 /* tarea01-triangulos */;
			targetProxy = 8C1B631C1F434F7800FD6C52 /* PBXContainerItemProxy */;
		};
/* End PBXTargetDependency section */

/* Begin PBXVariantGroup section */
		8C1B63031F434F7800FD6C52 /* Main.storyboard */ = {
			isa = PBXVariantGroup;
			children = (
				8C1B63041F434F7800FD6C52 /* Base */,
			);
			name = Main.storyboard;
			sourceTree = "<group>";
		};
		8C1B63081F434F7800FD6C52 /* LaunchScreen.storyboard */ = {
			isa = PBXVariantGroup;
			children = (
				8C1B63091F434F7800FD6C52 /* Base */,
			);
			name = LaunchScreen.storyboard;
			sourceTree = "<group>";
		};
/* End PBXVariantGroup section */

/* Begin XCBuildConfiguration section */
		8C1B63221F434F7800FD6C52 /* Debug */ = {
			isa = XCBuildConfiguration;
			buildSettings = {
				ALWAYS_SEARCH_USER_PATHS = NO;
				CLANG_ANALYZER_NONNULL = YES;
				CLANG_ANALYZER_NUMBER_OBJECT_CONVERSION = YES_AGGRESSIVE;
				CLANG_CXX_LANGUAGE_STANDARD = "gnu++0x";
				CLANG_CXX_LIBRARY = "libc++";
				CLANG_ENABLE_MODULES = YES;
				CLANG_ENABLE_OBJC_ARC = YES;
				CLANG_WARN_BOOL_CONVERSION = YES;
				CLANG_WARN_CONSTANT_CONVERSION = YES;
				CLANG_WARN_DIRECT_OBJC_ISA_USAGE = YES_ERROR;
				CLANG_WARN_DOCUMENTATION_COMMENTS = YES;
				CLANG_WARN_EMPTY_BODY = YES;
				CLANG_WARN_ENUM_CONVERSION = YES;
				CLANG_WARN_INFINITE_RECURSION = YES;
				CLANG_WARN_INT_CONVERSION = YES;
				CLANG_WARN_OBJC_ROOT_CLASS = YES_ERROR;
				CLANG_WARN_SUSPICIOUS_MOVE = YES;
				CLANG_WARN_UNREACHABLE_CODE = YES;
				CLANG_WARN__DUPLICATE_METHOD_MATCH = YES;
				"CODE_SIGN_IDENTITY[sdk=iphoneos*]" = "iPhone Developer";
				COPY_PHASE_STRIP = NO;
				DEBUG_INFORMATION_FORMAT = dwarf;
				ENABLE_STRICT_OBJC_MSGSEND = YES;
				ENABLE_TESTABILITY = YES;
				GCC_C_LANGUAGE_STANDARD = gnu99;
				GCC_DYNAMIC_NO_PIC = NO;
				GCC_NO_COMMON_BLOCKS = YES;
				GCC_OPTIMIZATION_LEVEL = 0;
				GCC_PREPROCESSOR_DEFINITIONS = (
					"DEBUG=1",
					"$(inherited)",
				);
				GCC_WARN_64_TO_32_BIT_CONVERSION = YES;
				GCC_WARN_ABOUT_RETURN_TYPE = YES_ERROR;
				GCC_WARN_UNDECLARED_SELECTOR = YES;
				GCC_WARN_UNINITIALIZED_AUTOS = YES_AGGRESSIVE;
				GCC_WARN_UNUSED_FUNCTION = YES;
				GCC_WARN_UNUSED_VARIABLE = YES;
				IPHONEOS_DEPLOYMENT_TARGET = 10.3;
				MTL_ENABLE_DEBUG_INFO = YES;
				ONLY_ACTIVE_ARCH = YES;
				SDKROOT = iphoneos;
				SWIFT_ACTIVE_COMPILATION_CONDITIONS = DEBUG;
				SWIFT_OPTIMIZATION_LEVEL = "-Onone";
				TARGETED_DEVICE_FAMILY = "1,2";
			};
			name = Debug;
		};
		8C1B63231F434F7800FD6C52 /* Release */ = {
			isa = XCBuildConfiguration;
			buildSettings = {
				ALWAYS_SEARCH_USER_PATHS = NO;
				CLANG_ANALYZER_NONNULL = YES;
				CLANG_ANALYZER_NUMBER_OBJECT_CONVERSION = YES_AGGRESSIVE;
				CLANG_CXX_LANGUAGE_STANDARD = "gnu++0x";
				CLANG_CXX_LIBRARY = "libc++";
				CLANG_ENABLE_MODULES = YES;
				CLANG_ENABLE_OBJC_ARC = YES;
				CLANG_WARN_BOOL_CONVERSION = YES;
				CLANG_WARN_CONSTANT_CONVERSION = YES;
				CLANG_WARN_DIRECT_OBJC_ISA_USAGE = YES_ERROR;
				CLANG_WARN_DOCUMENTATION_COMMENTS = YES;
				CLANG_WARN_EMPTY_BODY = YES;
				CLANG_WARN_ENUM_CONVERSION = YES;
				CLANG_WARN_INFINITE_RECURSION = YES;
				CLANG_WARN_INT_CONVERSION = YES;
				CLANG_WARN_OBJC_ROOT_CLASS = YES_ERROR;
				CLANG_WARN_SUSPICIOUS_MOVE = YES;
				CLANG_WARN_UNREACHABLE_CODE = YES;
				CLANG_WARN__DUPLICATE_METHOD_MATCH = YES;
				"CODE_SIGN_IDENTITY[sdk=iphoneos*]" = "iPhone Developer";
				COPY_PHASE_STRIP = NO;
				DEBUG_INFORMATION_FORMAT = "dwarf-with-dsym";
				ENABLE_NS_ASSERTIONS = NO;
				ENABLE_STRICT_OBJC_MSGSEND = YES;
				GCC_C_LANGUAGE_STANDARD = gnu99;
				GCC_NO_COMMON_BLOCKS = YES;
				GCC_WARN_64_TO_32_BIT_CONVERSION = YES;
				GCC_WARN_ABOUT_RETURN_TYPE = YES_ERROR;
				GCC_WARN_UNDECLARED_SELECTOR = YES;
				GCC_WARN_UNINITIALIZED_AUTOS = YES_AGGRESSIVE;
				GCC_WARN_UNUSED_FUNCTION = YES;
				GCC_WARN_UNUSED_VARIABLE = YES;
				IPHONEOS_DEPLOYMENT_TARGET = 10.3;
				MTL_ENABLE_DEBUG_INFO = NO;
				SDKROOT = iphoneos;
				SWIFT_OPTIMIZATION_LEVEL = "-Owholemodule";
				TARGETED_DEVICE_FAMILY = "1,2";
				VALIDATE_PRODUCT = YES;
			};
			name = Release;
		};
		8C1B63251F434F7800FD6C52 /* Debug */ = {
			isa = XCBuildConfiguration;
			buildSettings = {
				ASSETCATALOG_COMPILER_APPICON_NAME = AppIcon;
				INFOPLIST_FILE = "tarea01-triangulos/Info.plist";
				LD_RUNPATH_SEARCH_PATHS = "$(inherited) @executable_path/Frameworks";
				PRODUCT_BUNDLE_IDENTIFIER = "Ricardo-Licea-Mata.tarea01-triangulos";
				PRODUCT_NAME = "$(TARGET_NAME)";
				SWIFT_VERSION = 3.0;
			};
			name = Debug;
		};
		8C1B63261F434F7800FD6C52 /* Release */ = {
			isa = XCBuildConfiguration;
			buildSettings = {
				ASSETCATALOG_COMPILER_APPICON_NAME = AppIcon;
				INFOPLIST_FILE = "tarea01-triangulos/Info.plist";
				LD_RUNPATH_SEARCH_PATHS = "$(inherited) @executable_path/Frameworks";
				PRODUCT_BUNDLE_IDENTIFIER = "Ricardo-Licea-Mata.tarea01-triangulos";
				PRODUCT_NAME = "$(TARGET_NAME)";
				SWIFT_VERSION = 3.0;
			};
			name = Release;
		};
		8C1B63281F434F7800FD6C52 /* Debug */ = {
			isa = XCBuildConfiguration;
			buildSettings = {
				ALWAYS_EMBED_SWIFT_STANDARD_LIBRARIES = YES;
				BUNDLE_LOADER = "$(TEST_HOST)";
				INFOPLIST_FILE = "tarea01-triangulosTests/Info.plist";
				LD_RUNPATH_SEARCH_PATHS = "$(inherited) @executable_path/Frameworks @loader_path/Frameworks";
				PRODUCT_BUNDLE_IDENTIFIER = "Ricardo-Licea-Mata.tarea01-triangulosTests";
				PRODUCT_NAME = "$(TARGET_NAME)";
				SWIFT_VERSION = 3.0;
				TEST_HOST = "$(BUILT_PRODUCTS_DIR)/tarea01-triangulos.app/tarea01-triangulos";
			};
			name = Debug;
		};
		8C1B63291F434F7800FD6C52 /* Release */ = {
			isa = XCBuildConfiguration;
			buildSettings = {
				ALWAYS_EMBED_SWIFT_STANDARD_LIBRARIES = YES;
				BUNDLE_LOADER = "$(TEST_HOST)";
				INFOPLIST_FILE = "tarea01-triangulosTests/Info.plist";
				LD_RUNPATH_SEARCH_PATHS = "$(inherited) @executable_path/Frameworks @loader_path/Frameworks";
				PRODUCT_BUNDLE_IDENTIFIER = "Ricardo-Licea-Mata.tarea01-triangulosTests";
				PRODUCT_NAME = "$(TARGET_NAME)";
				SWIFT_VERSION = 3.0;
				TEST_HOST = "$(BUILT_PRODUCTS_DIR)/tarea01-triangulos.app/tarea01-triangulos";
			};
			name = Release;
		};
		8C1B632B1F434F7800FD6C52 /* Debug */ = {
			isa = XCBuildConfiguration;
			buildSettings = {
				ALWAYS_EMBED_SWIFT_STANDARD_LIBRARIES = YES;
				INFOPLIST_FILE = "tarea01-triangulosUITests/Info.plist";
				LD_RUNPATH_SEARCH_PATHS = "$(inherited) @executable_path/Frameworks @loader_path/Frameworks";
				PRODUCT_BUNDLE_IDENTIFIER = "Ricardo-Licea-Mata.tarea01-triangulosUITests";
				PRODUCT_NAME = "$(TARGET_NAME)";
				SWIFT_VERSION = 3.0;
				TEST_TARGET_NAME = "tarea01-triangulos";
			};
			name = Debug;
		};
		8C1B632C1F434F7800FD6C52 /* Release */ = {
			isa = XCBuildConfiguration;
			buildSettings = {
				ALWAYS_EMBED_SWIFT_STANDARD_LIBRARIES = YES;
				INFOPLIST_FILE = "tarea01-triangulosUITests/Info.plist";
				LD_RUNPATH_SEARCH_PATHS = "$(inherited) @executable_path/Frameworks @loader_path/Frameworks";
				PRODUCT_BUNDLE_IDENTIFIER = "Ricardo-Licea-Mata.tarea01-triangulosUITests";
				PRODUCT_NAME = "$(TARGET_NAME)";
				SWIFT_VERSION = 3.0;
				TEST_TARGET_NAME = "tarea01-triangulos";
			};
			name = Release;
		};
/* End XCBuildConfiguration section */

/* Begin XCConfigurationList section */
		8C1B62F71F434F7700FD6C52 /* Build configuration list for PBXProject "tarea01-triangulos" */ = {
			isa = XCConfigurationList;
			buildConfigurations = (
				8C1B63221F434F7800FD6C52 /* Debug */,
				8C1B63231F434F7800FD6C52 /* Release */,
			);
			defaultConfigurationIsVisible = 0;
			defaultConfigurationName = Release;
		};
		8C1B63241F434F7800FD6C52 /* Build configuration list for PBXNativeTarget "tarea01-triangulos" */ = {
			isa = XCConfigurationList;
			buildConfigurations = (
				8C1B63251F434F7800FD6C52 /* Debug */,
				8C1B63261F434F7800FD6C52 /* Release */,
			);
			defaultConfigurationIsVisible = 0;
		};
		8C1B63271F434F7800FD6C52 /* Build configuration list for PBXNativeTarget "tarea01-triangulosTests" */ = {
			isa = XCConfigurationList;
			buildConfigurations = (
				8C1B63281F434F7800FD6C52 /* Debug */,
				8C1B63291F434F7800FD6C52 /* Release */,
			);
			defaultConfigurationIsVisible = 0;
		};
		8C1B632A1F434F7800FD6C52 /* Build configuration list for PBXNativeTarget "tarea01-triangulosUITests" */ = {
			isa = XCConfigurationList;
			buildConfigurations = (
				8C1B632B1F434F7800FD6C52 /* Debug */,
				8C1B632C1F434F7800FD6C52 /* Release */,
			);
			defaultConfigurationIsVisible = 0;
		};
/* End XCConfigurationList section */
	};
	rootObject = 8C1B62F41F434F7700FD6C52 /* Project object */;
}
